// !$*UTF8*$!
{
	archiveVersion = 1;
	classes = {
	};
	objectVersion = 55;
	objects = {

/* Begin PBXBuildFile section */
		990F39B228CA18060037D08A /* PhotosTableViewCell.swift in Sources */ = {isa = PBXBuildFile; fileRef = 990F39B128CA18060037D08A /* PhotosTableViewCell.swift */; };
		990F39B428CA18B80037D08A /* PhotosViewController.swift in Sources */ = {isa = PBXBuildFile; fileRef = 990F39B328CA18B80037D08A /* PhotosViewController.swift */; };
		9941EF40290ECF5F005495BD /* FeedViewModel.swift in Sources */ = {isa = PBXBuildFile; fileRef = 9941EF3F290ECF5F005495BD /* FeedViewModel.swift */; };
		995ACD9F2902D7990079559A /* iOSIntPackage in Frameworks */ = {isa = PBXBuildFile; productRef = 995ACD9E2902D7990079559A /* iOSIntPackage */; };
		995ACDA12905920F0079559A /* CustomButton.swift in Sources */ = {isa = PBXBuildFile; fileRef = 995ACDA02905920F0079559A /* CustomButton.swift */; };
		995B5B5F28C62A00007F027F /* ProfileTableHederView.swift in Sources */ = {isa = PBXBuildFile; fileRef = 995B5B5E28C62A00007F027F /* ProfileTableHederView.swift */; };
		995D7DA3290DA620000E31E4 /* SelectedUserSingletone.swift in Sources */ = {isa = PBXBuildFile; fileRef = 995D7DA2290DA620000E31E4 /* SelectedUserSingletone.swift */; };
		995D7DA5290EACAC000E31E4 /* PostViewCoordinator.swift in Sources */ = {isa = PBXBuildFile; fileRef = 995D7DA4290EACAC000E31E4 /* PostViewCoordinator.swift */; };
		995E133328BE392C006B5B63 /* LoginViewController.swift in Sources */ = {isa = PBXBuildFile; fileRef = 995E133228BE392C006B5B63 /* LoginViewController.swift */; };
		996F0C6628CA321400BEB2D1 /* PhotoCollectionViewCell.swift in Sources */ = {isa = PBXBuildFile; fileRef = 996F0C6528CA321400BEB2D1 /* PhotoCollectionViewCell.swift */; };
		997248D228C4B92D00C06B64 /* TextFieldWithPadding.swift in Sources */ = {isa = PBXBuildFile; fileRef = 997248D128C4B92D00C06B64 /* TextFieldWithPadding.swift */; };
		997710C0290D6D79000D84E9 /* Coordinator.swift in Sources */ = {isa = PBXBuildFile; fileRef = 997710BF290D6D79000D84E9 /* Coordinator.swift */; };
		997710C4290D6E4C000D84E9 /* AppCoordinator.swift in Sources */ = {isa = PBXBuildFile; fileRef = 997710C3290D6E4C000D84E9 /* AppCoordinator.swift */; };
		997710C6290D77B7000D84E9 /* MainTapBarController.swift in Sources */ = {isa = PBXBuildFile; fileRef = 997710C5290D77B7000D84E9 /* MainTapBarController.swift */; };
		997710C8290D7A69000D84E9 /* FeedCoordinator.swift in Sources */ = {isa = PBXBuildFile; fileRef = 997710C7290D7A69000D84E9 /* FeedCoordinator.swift */; };
		997710CA290D7CEF000D84E9 /* ProfileTabCoordinator.swift in Sources */ = {isa = PBXBuildFile; fileRef = 997710C9290D7CEF000D84E9 /* ProfileTabCoordinator.swift */; };
		9988BAF52905B3830056B19A /* FeedModel.swift in Sources */ = {isa = PBXBuildFile; fileRef = 9988BAF42905B3830056B19A /* FeedModel.swift */; };
		998B16D528FAE36400DE194C /* UserInfo.swift in Sources */ = {isa = PBXBuildFile; fileRef = 998B16D428FAE36400DE194C /* UserInfo.swift */; };
		998B16D728FDB93800DE194C /* Checker.swift in Sources */ = {isa = PBXBuildFile; fileRef = 998B16D628FDB93800DE194C /* Checker.swift */; };
		998C0D3D28F03950009BD0B4 /* StorageService.docc in Sources */ = {isa = PBXBuildFile; fileRef = 998C0D3C28F03950009BD0B4 /* StorageService.docc */; };
		998C0D4B28F03950009BD0B4 /* StorageService.h in Headers */ = {isa = PBXBuildFile; fileRef = 998C0D3B28F03950009BD0B4 /* StorageService.h */; settings = {ATTRIBUTES = (Public, ); }; };
		998C0D4E28F03950009BD0B4 /* StorageService.framework in Frameworks */ = {isa = PBXBuildFile; fileRef = 998C0D3928F03950009BD0B4 /* StorageService.framework */; };
		998C0D4F28F03950009BD0B4 /* StorageService.framework in Embed Frameworks */ = {isa = PBXBuildFile; fileRef = 998C0D3928F03950009BD0B4 /* StorageService.framework */; settings = {ATTRIBUTES = (CodeSignOnCopy, RemoveHeadersOnCopy, ); }; };
		998C0D5728F039B7009BD0B4 /* StructPost.swift in Sources */ = {isa = PBXBuildFile; fileRef = 99CBBE8A28ACEBC200DDCB77 /* StructPost.swift */; };
		99BEAD5B28AA48CB00F8A03F /* PostViewController.swift in Sources */ = {isa = PBXBuildFile; fileRef = 99BEAD5A28AA48CB00F8A03F /* PostViewController.swift */; };
		99BEAD5D28AA48F400F8A03F /* InfoViewController.swift in Sources */ = {isa = PBXBuildFile; fileRef = 99BEAD5C28AA48F400F8A03F /* InfoViewController.swift */; };
		99DEC62A28C61F5200A0CE64 /* PostTableViewCell.swift in Sources */ = {isa = PBXBuildFile; fileRef = 99DEC62928C61F5200A0CE64 /* PostTableViewCell.swift */; };
		99E8362A28AA26100021FAF0 /* AppDelegate.swift in Sources */ = {isa = PBXBuildFile; fileRef = 99E8362928AA26100021FAF0 /* AppDelegate.swift */; };
		99E8362E28AA26100021FAF0 /* ProfileViewController.swift in Sources */ = {isa = PBXBuildFile; fileRef = 99E8362D28AA26100021FAF0 /* ProfileViewController.swift */; };
		99E8363328AA26110021FAF0 /* Assets.xcassets in Resources */ = {isa = PBXBuildFile; fileRef = 99E8363228AA26110021FAF0 /* Assets.xcassets */; };
		99E8363628AA26110021FAF0 /* LaunchScreen.storyboard in Resources */ = {isa = PBXBuildFile; fileRef = 99E8363428AA26110021FAF0 /* LaunchScreen.storyboard */; };
		99E8364028AA26BD0021FAF0 /* FeedViewController.swift in Sources */ = {isa = PBXBuildFile; fileRef = 99E8363F28AA26BD0021FAF0 /* FeedViewController.swift */; };
		99FB0AD4292915F20046534C /* BruteForce.swift in Sources */ = {isa = PBXBuildFile; fileRef = 99FB0AD3292915F20046534C /* BruteForce.swift */; };
		99FB0AD8292BBB430046534C /* AppErrors.swift in Sources */ = {isa = PBXBuildFile; fileRef = 99FB0AD7292BBB430046534C /* AppErrors.swift */; };
/* End PBXBuildFile section */

/* Begin PBXContainerItemProxy section */
		998C0D4C28F03950009BD0B4 /* PBXContainerItemProxy */ = {
			isa = PBXContainerItemProxy;
			containerPortal = 99E8361E28AA26100021FAF0 /* Project object */;
			proxyType = 1;
			remoteGlobalIDString = 998C0D3828F03950009BD0B4;
			remoteInfo = StorageService;
		};
/* End PBXContainerItemProxy section */

/* Begin PBXCopyFilesBuildPhase section */
		998C0D5028F03950009BD0B4 /* Embed Frameworks */ = {
			isa = PBXCopyFilesBuildPhase;
			buildActionMask = 2147483647;
			dstPath = "";
			dstSubfolderSpec = 10;
			files = (
				998C0D4F28F03950009BD0B4 /* StorageService.framework in Embed Frameworks */,
			);
			name = "Embed Frameworks";
			runOnlyForDeploymentPostprocessing = 0;
		};
/* End PBXCopyFilesBuildPhase section */

/* Begin PBXFileReference section */
		990F39B128CA18060037D08A /* PhotosTableViewCell.swift */ = {isa = PBXFileReference; lastKnownFileType = sourcecode.swift; path = PhotosTableViewCell.swift; sourceTree = "<group>"; };
		990F39B328CA18B80037D08A /* PhotosViewController.swift */ = {isa = PBXFileReference; lastKnownFileType = sourcecode.swift; path = PhotosViewController.swift; sourceTree = "<group>"; };
		9941EF3F290ECF5F005495BD /* FeedViewModel.swift */ = {isa = PBXFileReference; lastKnownFileType = sourcecode.swift; path = FeedViewModel.swift; sourceTree = "<group>"; };
		995ACDA02905920F0079559A /* CustomButton.swift */ = {isa = PBXFileReference; lastKnownFileType = sourcecode.swift; path = CustomButton.swift; sourceTree = "<group>"; };
		995B5B5E28C62A00007F027F /* ProfileTableHederView.swift */ = {isa = PBXFileReference; lastKnownFileType = sourcecode.swift; path = ProfileTableHederView.swift; sourceTree = "<group>"; };
		995D7DA2290DA620000E31E4 /* SelectedUserSingletone.swift */ = {isa = PBXFileReference; lastKnownFileType = sourcecode.swift; path = SelectedUserSingletone.swift; sourceTree = "<group>"; };
		995D7DA4290EACAC000E31E4 /* PostViewCoordinator.swift */ = {isa = PBXFileReference; lastKnownFileType = sourcecode.swift; path = PostViewCoordinator.swift; sourceTree = "<group>"; };
		995E133228BE392C006B5B63 /* LoginViewController.swift */ = {isa = PBXFileReference; lastKnownFileType = sourcecode.swift; path = LoginViewController.swift; sourceTree = "<group>"; };
		996F0C6528CA321400BEB2D1 /* PhotoCollectionViewCell.swift */ = {isa = PBXFileReference; lastKnownFileType = sourcecode.swift; path = PhotoCollectionViewCell.swift; sourceTree = "<group>"; };
		997248D128C4B92D00C06B64 /* TextFieldWithPadding.swift */ = {isa = PBXFileReference; lastKnownFileType = sourcecode.swift; path = TextFieldWithPadding.swift; sourceTree = "<group>"; };
		997710BF290D6D79000D84E9 /* Coordinator.swift */ = {isa = PBXFileReference; lastKnownFileType = sourcecode.swift; path = Coordinator.swift; sourceTree = "<group>"; };
		997710C3290D6E4C000D84E9 /* AppCoordinator.swift */ = {isa = PBXFileReference; lastKnownFileType = sourcecode.swift; path = AppCoordinator.swift; sourceTree = "<group>"; };
		997710C5290D77B7000D84E9 /* MainTapBarController.swift */ = {isa = PBXFileReference; lastKnownFileType = sourcecode.swift; path = MainTapBarController.swift; sourceTree = "<group>"; };
		997710C7290D7A69000D84E9 /* FeedCoordinator.swift */ = {isa = PBXFileReference; lastKnownFileType = sourcecode.swift; path = FeedCoordinator.swift; sourceTree = "<group>"; };
		997710C9290D7CEF000D84E9 /* ProfileTabCoordinator.swift */ = {isa = PBXFileReference; lastKnownFileType = sourcecode.swift; path = ProfileTabCoordinator.swift; sourceTree = "<group>"; };
		9988BAF42905B3830056B19A /* FeedModel.swift */ = {isa = PBXFileReference; lastKnownFileType = sourcecode.swift; path = FeedModel.swift; sourceTree = "<group>"; };
		998B16D428FAE36400DE194C /* UserInfo.swift */ = {isa = PBXFileReference; lastKnownFileType = sourcecode.swift; path = UserInfo.swift; sourceTree = "<group>"; };
		998B16D628FDB93800DE194C /* Checker.swift */ = {isa = PBXFileReference; lastKnownFileType = sourcecode.swift; path = Checker.swift; sourceTree = "<group>"; };
		998C0D3928F03950009BD0B4 /* StorageService.framework */ = {isa = PBXFileReference; explicitFileType = wrapper.framework; includeInIndex = 0; path = StorageService.framework; sourceTree = BUILT_PRODUCTS_DIR; };
		998C0D3B28F03950009BD0B4 /* StorageService.h */ = {isa = PBXFileReference; lastKnownFileType = sourcecode.c.h; path = StorageService.h; sourceTree = "<group>"; };
		998C0D3C28F03950009BD0B4 /* StorageService.docc */ = {isa = PBXFileReference; lastKnownFileType = folder.documentationcatalog; path = StorageService.docc; sourceTree = "<group>"; };
		99BEAD5A28AA48CB00F8A03F /* PostViewController.swift */ = {isa = PBXFileReference; lastKnownFileType = sourcecode.swift; path = PostViewController.swift; sourceTree = "<group>"; };
		99BEAD5C28AA48F400F8A03F /* InfoViewController.swift */ = {isa = PBXFileReference; lastKnownFileType = sourcecode.swift; path = InfoViewController.swift; sourceTree = "<group>"; };
		99CBBE8A28ACEBC200DDCB77 /* StructPost.swift */ = {isa = PBXFileReference; lastKnownFileType = sourcecode.swift; path = StructPost.swift; sourceTree = "<group>"; };
		99DEC62928C61F5200A0CE64 /* PostTableViewCell.swift */ = {isa = PBXFileReference; lastKnownFileType = sourcecode.swift; path = PostTableViewCell.swift; sourceTree = "<group>"; };
		99E8362628AA26100021FAF0 /* Navigation.app */ = {isa = PBXFileReference; explicitFileType = wrapper.application; includeInIndex = 0; path = Navigation.app; sourceTree = BUILT_PRODUCTS_DIR; };
		99E8362928AA26100021FAF0 /* AppDelegate.swift */ = {isa = PBXFileReference; lastKnownFileType = sourcecode.swift; path = AppDelegate.swift; sourceTree = "<group>"; };
		99E8362D28AA26100021FAF0 /* ProfileViewController.swift */ = {isa = PBXFileReference; lastKnownFileType = sourcecode.swift; path = ProfileViewController.swift; sourceTree = "<group>"; };
		99E8363228AA26110021FAF0 /* Assets.xcassets */ = {isa = PBXFileReference; lastKnownFileType = folder.assetcatalog; path = Assets.xcassets; sourceTree = "<group>"; };
		99E8363528AA26110021FAF0 /* Base */ = {isa = PBXFileReference; lastKnownFileType = file.storyboard; name = Base; path = Base.lproj/LaunchScreen.storyboard; sourceTree = "<group>"; };
		99E8363728AA26110021FAF0 /* Info.plist */ = {isa = PBXFileReference; lastKnownFileType = text.plist.xml; path = Info.plist; sourceTree = "<group>"; };
		99E8363F28AA26BD0021FAF0 /* FeedViewController.swift */ = {isa = PBXFileReference; lastKnownFileType = sourcecode.swift; path = FeedViewController.swift; sourceTree = "<group>"; };
		99FB0AD3292915F20046534C /* BruteForce.swift */ = {isa = PBXFileReference; lastKnownFileType = sourcecode.swift; path = BruteForce.swift; sourceTree = "<group>"; };
		99FB0AD7292BBB430046534C /* AppErrors.swift */ = {isa = PBXFileReference; lastKnownFileType = sourcecode.swift; path = AppErrors.swift; sourceTree = "<group>"; };
/* End PBXFileReference section */

/* Begin PBXFrameworksBuildPhase section */
		998C0D3628F03950009BD0B4 /* Frameworks */ = {
			isa = PBXFrameworksBuildPhase;
			buildActionMask = 2147483647;
			files = (
			);
			runOnlyForDeploymentPostprocessing = 0;
		};
		99E8362328AA26100021FAF0 /* Frameworks */ = {
			isa = PBXFrameworksBuildPhase;
			buildActionMask = 2147483647;
			files = (
				998C0D4E28F03950009BD0B4 /* StorageService.framework in Frameworks */,
				995ACD9F2902D7990079559A /* iOSIntPackage in Frameworks */,
			);
			runOnlyForDeploymentPostprocessing = 0;
		};
/* End PBXFrameworksBuildPhase section */

/* Begin PBXGroup section */
		9941EF3C290ECCF8005495BD /* PresentationLayer */ = {
			isa = PBXGroup;
			children = (
				997710C1290D6DBE000D84E9 /* Coordinators */,
				995E133228BE392C006B5B63 /* LoginViewController.swift */,
				997710C5290D77B7000D84E9 /* MainTapBarController.swift */,
				99CBBEAD28AD1B8300DDCB77 /* ProfileTab */,
				99E8363E28AA26710021FAF0 /* FeedTab */,
			);
			path = PresentationLayer;
			sourceTree = "<group>";
		};
		9941EF3D290ECE70005495BD /* CellsAndHeaders */ = {
			isa = PBXGroup;
			children = (
				995B5B5E28C62A00007F027F /* ProfileTableHederView.swift */,
				990F39B128CA18060037D08A /* PhotosTableViewCell.swift */,
				996F0C6528CA321400BEB2D1 /* PhotoCollectionViewCell.swift */,
				99DEC62928C61F5200A0CE64 /* PostTableViewCell.swift */,
			);
			path = CellsAndHeaders;
			sourceTree = "<group>";
		};
		9941EF3E290ECF27005495BD /* FeedScreenModule */ = {
			isa = PBXGroup;
			children = (
				99E8363F28AA26BD0021FAF0 /* FeedViewController.swift */,
				9941EF3F290ECF5F005495BD /* FeedViewModel.swift */,
			);
			path = FeedScreenModule;
			sourceTree = "<group>";
		};
		997710C1290D6DBE000D84E9 /* Coordinators */ = {
			isa = PBXGroup;
			children = (
				997710C2290D6DD1000D84E9 /* Protocols */,
				997710C3290D6E4C000D84E9 /* AppCoordinator.swift */,
				997710C7290D7A69000D84E9 /* FeedCoordinator.swift */,
				995D7DA4290EACAC000E31E4 /* PostViewCoordinator.swift */,
				997710C9290D7CEF000D84E9 /* ProfileTabCoordinator.swift */,
			);
			path = Coordinators;
			sourceTree = "<group>";
		};
		997710C2290D6DD1000D84E9 /* Protocols */ = {
			isa = PBXGroup;
			children = (
				997710BF290D6D79000D84E9 /* Coordinator.swift */,
			);
			path = Protocols;
			sourceTree = "<group>";
		};
		998C0D3A28F03950009BD0B4 /* StorageService */ = {
			isa = PBXGroup;
			children = (
				99CBBE8A28ACEBC200DDCB77 /* StructPost.swift */,
				998C0D3B28F03950009BD0B4 /* StorageService.h */,
				998C0D3C28F03950009BD0B4 /* StorageService.docc */,
			);
			path = StorageService;
			sourceTree = "<group>";
		};
		99CBBE8C28ACEC0100DDCB77 /* Models */ = {
			isa = PBXGroup;
			children = (
				997248D128C4B92D00C06B64 /* TextFieldWithPadding.swift */,
				99FB0AD7292BBB430046534C /* AppErrors.swift */,
				998B16D428FAE36400DE194C /* UserInfo.swift */,
				998B16D628FDB93800DE194C /* Checker.swift */,
				995ACDA02905920F0079559A /* CustomButton.swift */,
				9988BAF42905B3830056B19A /* FeedModel.swift */,
				995D7DA2290DA620000E31E4 /* SelectedUserSingletone.swift */,
				99FB0AD3292915F20046534C /* BruteForce.swift */,
			);
			path = Models;
			sourceTree = "<group>";
		};
		99CBBEAD28AD1B8300DDCB77 /* ProfileTab */ = {
			isa = PBXGroup;
			children = (
				9941EF3D290ECE70005495BD /* CellsAndHeaders */,
				99E8362D28AA26100021FAF0 /* ProfileViewController.swift */,
				990F39B328CA18B80037D08A /* PhotosViewController.swift */,
			);
			path = ProfileTab;
			sourceTree = "<group>";
		};
		99E8361D28AA26100021FAF0 = {
			isa = PBXGroup;
			children = (
				99E8362828AA26100021FAF0 /* Navigation */,
				998C0D3A28F03950009BD0B4 /* StorageService */,
				99E8362728AA26100021FAF0 /* Products */,
			);
			sourceTree = "<group>";
		};
		99E8362728AA26100021FAF0 /* Products */ = {
			isa = PBXGroup;
			children = (
				99E8362628AA26100021FAF0 /* Navigation.app */,
				998C0D3928F03950009BD0B4 /* StorageService.framework */,
			);
			name = Products;
			sourceTree = "<group>";
		};
		99E8362828AA26100021FAF0 /* Navigation */ = {
			isa = PBXGroup;
			children = (
				99E8363D28AA264F0021FAF0 /* ApplicationLayer */,
				99CBBE8C28ACEC0100DDCB77 /* Models */,
				9941EF3C290ECCF8005495BD /* PresentationLayer */,
				99E8363228AA26110021FAF0 /* Assets.xcassets */,
				99E8363428AA26110021FAF0 /* LaunchScreen.storyboard */,
				99E8363728AA26110021FAF0 /* Info.plist */,
			);
			path = Navigation;
			sourceTree = "<group>";
		};
		99E8363D28AA264F0021FAF0 /* ApplicationLayer */ = {
			isa = PBXGroup;
			children = (
				99E8362928AA26100021FAF0 /* AppDelegate.swift */,
			);
			path = ApplicationLayer;
			sourceTree = "<group>";
		};
		99E8363E28AA26710021FAF0 /* FeedTab */ = {
			isa = PBXGroup;
			children = (
				9941EF3E290ECF27005495BD /* FeedScreenModule */,
				99BEAD5A28AA48CB00F8A03F /* PostViewController.swift */,
				99BEAD5C28AA48F400F8A03F /* InfoViewController.swift */,
			);
			path = FeedTab;
			sourceTree = "<group>";
		};
/* End PBXGroup section */

/* Begin PBXHeadersBuildPhase section */
		998C0D3428F03950009BD0B4 /* Headers */ = {
			isa = PBXHeadersBuildPhase;
			buildActionMask = 2147483647;
			files = (
				998C0D4B28F03950009BD0B4 /* StorageService.h in Headers */,
			);
			runOnlyForDeploymentPostprocessing = 0;
		};
/* End PBXHeadersBuildPhase section */

/* Begin PBXNativeTarget section */
		998C0D3828F03950009BD0B4 /* StorageService */ = {
			isa = PBXNativeTarget;
			buildConfigurationList = 998C0D5528F03950009BD0B4 /* Build configuration list for PBXNativeTarget "StorageService" */;
			buildPhases = (
				998C0D3428F03950009BD0B4 /* Headers */,
				998C0D3528F03950009BD0B4 /* Sources */,
				998C0D3628F03950009BD0B4 /* Frameworks */,
				998C0D3728F03950009BD0B4 /* Resources */,
			);
			buildRules = (
			);
			dependencies = (
			);
			name = StorageService;
			productName = StorageService;
			productReference = 998C0D3928F03950009BD0B4 /* StorageService.framework */;
			productType = "com.apple.product-type.framework";
		};
		99E8362528AA26100021FAF0 /* Navigation */ = {
			isa = PBXNativeTarget;
			buildConfigurationList = 99E8363A28AA26110021FAF0 /* Build configuration list for PBXNativeTarget "Navigation" */;
			buildPhases = (
				99E8362228AA26100021FAF0 /* Sources */,
				99E8362328AA26100021FAF0 /* Frameworks */,
				99E8362428AA26100021FAF0 /* Resources */,
				998C0D5028F03950009BD0B4 /* Embed Frameworks */,
			);
			buildRules = (
			);
			dependencies = (
				998C0D4D28F03950009BD0B4 /* PBXTargetDependency */,
			);
			name = Navigation;
			packageProductDependencies = (
				995ACD9E2902D7990079559A /* iOSIntPackage */,
			);
			productName = Navigation;
			productReference = 99E8362628AA26100021FAF0 /* Navigation.app */;
			productType = "com.apple.product-type.application";
		};
/* End PBXNativeTarget section */

/* Begin PBXProject section */
		99E8361E28AA26100021FAF0 /* Project object */ = {
			isa = PBXProject;
			attributes = {
				BuildIndependentTargetsInParallel = 1;
				LastSwiftUpdateCheck = 1400;
				LastUpgradeCheck = 1340;
				TargetAttributes = {
					998C0D3828F03950009BD0B4 = {
						CreatedOnToolsVersion = 14.0.1;
					};
					99E8362528AA26100021FAF0 = {
						CreatedOnToolsVersion = 13.4.1;
					};
				};
			};
			buildConfigurationList = 99E8362128AA26100021FAF0 /* Build configuration list for PBXProject "Navigation" */;
			compatibilityVersion = "Xcode 13.0";
			developmentRegion = en;
			hasScannedForEncodings = 0;
			knownRegions = (
				en,
				Base,
			);
			mainGroup = 99E8361D28AA26100021FAF0;
			packageReferences = (
				995ACD9D2902D7990079559A /* XCRemoteSwiftPackageReference "iOSIntPackage" */,
			);
			productRefGroup = 99E8362728AA26100021FAF0 /* Products */;
			projectDirPath = "";
			projectRoot = "";
			targets = (
				99E8362528AA26100021FAF0 /* Navigation */,
				998C0D3828F03950009BD0B4 /* StorageService */,
			);
		};
/* End PBXProject section */

/* Begin PBXResourcesBuildPhase section */
		998C0D3728F03950009BD0B4 /* Resources */ = {
			isa = PBXResourcesBuildPhase;
			buildActionMask = 2147483647;
			files = (
			);
			runOnlyForDeploymentPostprocessing = 0;
		};
		99E8362428AA26100021FAF0 /* Resources */ = {
			isa = PBXResourcesBuildPhase;
			buildActionMask = 2147483647;
			files = (
				99E8363628AA26110021FAF0 /* LaunchScreen.storyboard in Resources */,
				99E8363328AA26110021FAF0 /* Assets.xcassets in Resources */,
			);
			runOnlyForDeploymentPostprocessing = 0;
		};
/* End PBXResourcesBuildPhase section */

/* Begin PBXSourcesBuildPhase section */
		998C0D3528F03950009BD0B4 /* Sources */ = {
			isa = PBXSourcesBuildPhase;
			buildActionMask = 2147483647;
			files = (
				998C0D5728F039B7009BD0B4 /* StructPost.swift in Sources */,
				998C0D3D28F03950009BD0B4 /* StorageService.docc in Sources */,
			);
			runOnlyForDeploymentPostprocessing = 0;
		};
		99E8362228AA26100021FAF0 /* Sources */ = {
			isa = PBXSourcesBuildPhase;
			buildActionMask = 2147483647;
			files = (
				997710C8290D7A69000D84E9 /* FeedCoordinator.swift in Sources */,
				997710CA290D7CEF000D84E9 /* ProfileTabCoordinator.swift in Sources */,
				996F0C6628CA321400BEB2D1 /* PhotoCollectionViewCell.swift in Sources */,
				998B16D728FDB93800DE194C /* Checker.swift in Sources */,
				9988BAF52905B3830056B19A /* FeedModel.swift in Sources */,
				990F39B228CA18060037D08A /* PhotosTableViewCell.swift in Sources */,
				997710C6290D77B7000D84E9 /* MainTapBarController.swift in Sources */,
				990F39B428CA18B80037D08A /* PhotosViewController.swift in Sources */,
				995ACDA12905920F0079559A /* CustomButton.swift in Sources */,
				99DEC62A28C61F5200A0CE64 /* PostTableViewCell.swift in Sources */,
				99E8362E28AA26100021FAF0 /* ProfileViewController.swift in Sources */,
				99FB0AD4292915F20046534C /* BruteForce.swift in Sources */,
				997710C0290D6D79000D84E9 /* Coordinator.swift in Sources */,
				99E8362A28AA26100021FAF0 /* AppDelegate.swift in Sources */,
				995E133328BE392C006B5B63 /* LoginViewController.swift in Sources */,
				9941EF40290ECF5F005495BD /* FeedViewModel.swift in Sources */,
				99E8364028AA26BD0021FAF0 /* FeedViewController.swift in Sources */,
				99BEAD5D28AA48F400F8A03F /* InfoViewController.swift in Sources */,
				997248D228C4B92D00C06B64 /* TextFieldWithPadding.swift in Sources */,
				995D7DA5290EACAC000E31E4 /* PostViewCoordinator.swift in Sources */,
				995D7DA3290DA620000E31E4 /* SelectedUserSingletone.swift in Sources */,
				99FB0AD8292BBB430046534C /* AppErrors.swift in Sources */,
				997710C4290D6E4C000D84E9 /* AppCoordinator.swift in Sources */,
				99BEAD5B28AA48CB00F8A03F /* PostViewController.swift in Sources */,
				998B16D528FAE36400DE194C /* UserInfo.swift in Sources */,
				995B5B5F28C62A00007F027F /* ProfileTableHederView.swift in Sources */,
			);
			runOnlyForDeploymentPostprocessing = 0;
		};
/* End PBXSourcesBuildPhase section */

/* Begin PBXTargetDependency section */
		998C0D4D28F03950009BD0B4 /* PBXTargetDependency */ = {
			isa = PBXTargetDependency;
			target = 998C0D3828F03950009BD0B4 /* StorageService */;
			targetProxy = 998C0D4C28F03950009BD0B4 /* PBXContainerItemProxy */;
		};
/* End PBXTargetDependency section */

/* Begin PBXVariantGroup section */
		99E8363428AA26110021FAF0 /* LaunchScreen.storyboard */ = {
			isa = PBXVariantGroup;
			children = (
				99E8363528AA26110021FAF0 /* Base */,
			);
			name = LaunchScreen.storyboard;
			sourceTree = "<group>";
		};
/* End PBXVariantGroup section */

/* Begin XCBuildConfiguration section */
		998C0D5128F03950009BD0B4 /* Debug */ = {
			isa = XCBuildConfiguration;
			buildSettings = {
				CLANG_CXX_LANGUAGE_STANDARD = "gnu++20";
				CODE_SIGN_STYLE = Automatic;
				CURRENT_PROJECT_VERSION = 1;
				DEFINES_MODULE = YES;
				DEVELOPMENT_TEAM = K424BZ7XRC;
				DYLIB_COMPATIBILITY_VERSION = 1;
				DYLIB_CURRENT_VERSION = 1;
				DYLIB_INSTALL_NAME_BASE = "@rpath";
				GENERATE_INFOPLIST_FILE = YES;
				INFOPLIST_KEY_NSHumanReadableCopyright = "";
				INSTALL_PATH = "$(LOCAL_LIBRARY_DIR)/Frameworks";
				IPHONEOS_DEPLOYMENT_TARGET = 15.0;
				LD_RUNPATH_SEARCH_PATHS = (
					"$(inherited)",
					"@executable_path/Frameworks",
					"@loader_path/Frameworks",
				);
				MARKETING_VERSION = 1.0;
				PRODUCT_BUNDLE_IDENTIFIER = "maximchik666-gmail.com.StorageService";
				PRODUCT_NAME = "$(TARGET_NAME:c99extidentifier)";
				SKIP_INSTALL = YES;
				SUPPORTED_PLATFORMS = "iphoneos iphonesimulator";
				SUPPORTS_MACCATALYST = NO;
				SUPPORTS_MAC_DESIGNED_FOR_IPHONE_IPAD = NO;
				SWIFT_EMIT_LOC_STRINGS = YES;
				SWIFT_VERSION = 5.0;
				TARGETED_DEVICE_FAMILY = "1,2";
				VERSIONING_SYSTEM = "apple-generic";
				VERSION_INFO_PREFIX = "";
			};
			name = Debug;
		};
		998C0D5228F03950009BD0B4 /* Release */ = {
			isa = XCBuildConfiguration;
			buildSettings = {
				CLANG_CXX_LANGUAGE_STANDARD = "gnu++20";
				CODE_SIGN_STYLE = Automatic;
				CURRENT_PROJECT_VERSION = 1;
				DEFINES_MODULE = YES;
				DEVELOPMENT_TEAM = K424BZ7XRC;
				DYLIB_COMPATIBILITY_VERSION = 1;
				DYLIB_CURRENT_VERSION = 1;
				DYLIB_INSTALL_NAME_BASE = "@rpath";
				GENERATE_INFOPLIST_FILE = YES;
				INFOPLIST_KEY_NSHumanReadableCopyright = "";
				INSTALL_PATH = "$(LOCAL_LIBRARY_DIR)/Frameworks";
				IPHONEOS_DEPLOYMENT_TARGET = 15.0;
				LD_RUNPATH_SEARCH_PATHS = (
					"$(inherited)",
					"@executable_path/Frameworks",
					"@loader_path/Frameworks",
				);
				MARKETING_VERSION = 1.0;
				PRODUCT_BUNDLE_IDENTIFIER = "maximchik666-gmail.com.StorageService";
				PRODUCT_NAME = "$(TARGET_NAME:c99extidentifier)";
				SKIP_INSTALL = YES;
				SUPPORTED_PLATFORMS = "iphoneos iphonesimulator";
				SUPPORTS_MACCATALYST = NO;
				SUPPORTS_MAC_DESIGNED_FOR_IPHONE_IPAD = NO;
				SWIFT_EMIT_LOC_STRINGS = YES;
				SWIFT_VERSION = 5.0;
				TARGETED_DEVICE_FAMILY = "1,2";
				VERSIONING_SYSTEM = "apple-generic";
				VERSION_INFO_PREFIX = "";
			};
			name = Release;
		};
		99E8363828AA26110021FAF0 /* Debug */ = {
			isa = XCBuildConfiguration;
			buildSettings = {
				ALWAYS_SEARCH_USER_PATHS = NO;
				CLANG_ANALYZER_NONNULL = YES;
				CLANG_ANALYZER_NUMBER_OBJECT_CONVERSION = YES_AGGRESSIVE;
				CLANG_CXX_LANGUAGE_STANDARD = "gnu++17";
				CLANG_ENABLE_MODULES = YES;
				CLANG_ENABLE_OBJC_ARC = YES;
				CLANG_ENABLE_OBJC_WEAK = YES;
				CLANG_WARN_BLOCK_CAPTURE_AUTORELEASING = YES;
				CLANG_WARN_BOOL_CONVERSION = YES;
				CLANG_WARN_COMMA = YES;
				CLANG_WARN_CONSTANT_CONVERSION = YES;
				CLANG_WARN_DEPRECATED_OBJC_IMPLEMENTATIONS = YES;
				CLANG_WARN_DIRECT_OBJC_ISA_USAGE = YES_ERROR;
				CLANG_WARN_DOCUMENTATION_COMMENTS = YES;
				CLANG_WARN_EMPTY_BODY = YES;
				CLANG_WARN_ENUM_CONVERSION = YES;
				CLANG_WARN_INFINITE_RECURSION = YES;
				CLANG_WARN_INT_CONVERSION = YES;
				CLANG_WARN_NON_LITERAL_NULL_CONVERSION = YES;
				CLANG_WARN_OBJC_IMPLICIT_RETAIN_SELF = YES;
				CLANG_WARN_OBJC_LITERAL_CONVERSION = YES;
				CLANG_WARN_OBJC_ROOT_CLASS = YES_ERROR;
				CLANG_WARN_QUOTED_INCLUDE_IN_FRAMEWORK_HEADER = YES;
				CLANG_WARN_RANGE_LOOP_ANALYSIS = YES;
				CLANG_WARN_STRICT_PROTOTYPES = YES;
				CLANG_WARN_SUSPICIOUS_MOVE = YES;
				CLANG_WARN_UNGUARDED_AVAILABILITY = YES_AGGRESSIVE;
				CLANG_WARN_UNREACHABLE_CODE = YES;
				CLANG_WARN__DUPLICATE_METHOD_MATCH = YES;
				COPY_PHASE_STRIP = NO;
				DEBUG_INFORMATION_FORMAT = dwarf;
				ENABLE_STRICT_OBJC_MSGSEND = YES;
				ENABLE_TESTABILITY = YES;
				GCC_C_LANGUAGE_STANDARD = gnu11;
				GCC_DYNAMIC_NO_PIC = NO;
				GCC_NO_COMMON_BLOCKS = YES;
				GCC_OPTIMIZATION_LEVEL = 0;
				GCC_PREPROCESSOR_DEFINITIONS = (
					"DEBUG=1",
					"$(inherited)",
				);
				GCC_WARN_64_TO_32_BIT_CONVERSION = YES;
				GCC_WARN_ABOUT_RETURN_TYPE = YES_ERROR;
				GCC_WARN_UNDECLARED_SELECTOR = YES;
				GCC_WARN_UNINITIALIZED_AUTOS = YES_AGGRESSIVE;
				GCC_WARN_UNUSED_FUNCTION = YES;
				GCC_WARN_UNUSED_VARIABLE = YES;
				IPHONEOS_DEPLOYMENT_TARGET = 15.0;
				MTL_ENABLE_DEBUG_INFO = INCLUDE_SOURCE;
				MTL_FAST_MATH = YES;
				ONLY_ACTIVE_ARCH = YES;
				SDKROOT = iphoneos;
				SWIFT_ACTIVE_COMPILATION_CONDITIONS = DEBUG;
				SWIFT_OPTIMIZATION_LEVEL = "-Onone";
			};
			name = Debug;
		};
		99E8363928AA26110021FAF0 /* Release */ = {
			isa = XCBuildConfiguration;
			buildSettings = {
				ALWAYS_SEARCH_USER_PATHS = NO;
				CLANG_ANALYZER_NONNULL = YES;
				CLANG_ANALYZER_NUMBER_OBJECT_CONVERSION = YES_AGGRESSIVE;
				CLANG_CXX_LANGUAGE_STANDARD = "gnu++17";
				CLANG_ENABLE_MODULES = YES;
				CLANG_ENABLE_OBJC_ARC = YES;
				CLANG_ENABLE_OBJC_WEAK = YES;
				CLANG_WARN_BLOCK_CAPTURE_AUTORELEASING = YES;
				CLANG_WARN_BOOL_CONVERSION = YES;
				CLANG_WARN_COMMA = YES;
				CLANG_WARN_CONSTANT_CONVERSION = YES;
				CLANG_WARN_DEPRECATED_OBJC_IMPLEMENTATIONS = YES;
				CLANG_WARN_DIRECT_OBJC_ISA_USAGE = YES_ERROR;
				CLANG_WARN_DOCUMENTATION_COMMENTS = YES;
				CLANG_WARN_EMPTY_BODY = YES;
				CLANG_WARN_ENUM_CONVERSION = YES;
				CLANG_WARN_INFINITE_RECURSION = YES;
				CLANG_WARN_INT_CONVERSION = YES;
				CLANG_WARN_NON_LITERAL_NULL_CONVERSION = YES;
				CLANG_WARN_OBJC_IMPLICIT_RETAIN_SELF = YES;
				CLANG_WARN_OBJC_LITERAL_CONVERSION = YES;
				CLANG_WARN_OBJC_ROOT_CLASS = YES_ERROR;
				CLANG_WARN_QUOTED_INCLUDE_IN_FRAMEWORK_HEADER = YES;
				CLANG_WARN_RANGE_LOOP_ANALYSIS = YES;
				CLANG_WARN_STRICT_PROTOTYPES = YES;
				CLANG_WARN_SUSPICIOUS_MOVE = YES;
				CLANG_WARN_UNGUARDED_AVAILABILITY = YES_AGGRESSIVE;
				CLANG_WARN_UNREACHABLE_CODE = YES;
				CLANG_WARN__DUPLICATE_METHOD_MATCH = YES;
				COPY_PHASE_STRIP = NO;
				DEBUG_INFORMATION_FORMAT = "dwarf-with-dsym";
				ENABLE_NS_ASSERTIONS = NO;
				ENABLE_STRICT_OBJC_MSGSEND = YES;
				GCC_C_LANGUAGE_STANDARD = gnu11;
				GCC_NO_COMMON_BLOCKS = YES;
				GCC_WARN_64_TO_32_BIT_CONVERSION = YES;
				GCC_WARN_ABOUT_RETURN_TYPE = YES_ERROR;
				GCC_WARN_UNDECLARED_SELECTOR = YES;
				GCC_WARN_UNINITIALIZED_AUTOS = YES_AGGRESSIVE;
				GCC_WARN_UNUSED_FUNCTION = YES;
				GCC_WARN_UNUSED_VARIABLE = YES;
				IPHONEOS_DEPLOYMENT_TARGET = 15.0;
				MTL_ENABLE_DEBUG_INFO = NO;
				MTL_FAST_MATH = YES;
				SDKROOT = iphoneos;
				SWIFT_COMPILATION_MODE = wholemodule;
				SWIFT_OPTIMIZATION_LEVEL = "-O";
				VALIDATE_PRODUCT = YES;
			};
			name = Release;
		};
		99E8363B28AA26110021FAF0 /* Debug */ = {
			isa = XCBuildConfiguration;
			buildSettings = {
				ALWAYS_EMBED_SWIFT_STANDARD_LIBRARIES = YES;
				ASSETCATALOG_COMPILER_APPICON_NAME = AppIcon;
				ASSETCATALOG_COMPILER_GLOBAL_ACCENT_COLOR_NAME = AccentColor;
				CODE_SIGN_STYLE = Automatic;
				CURRENT_PROJECT_VERSION = 1;
				DEVELOPMENT_TEAM = K424BZ7XRC;
				GENERATE_INFOPLIST_FILE = YES;
				INFOPLIST_FILE = Navigation/Info.plist;
				INFOPLIST_KEY_UIApplicationSupportsIndirectInputEvents = YES;
				INFOPLIST_KEY_UILaunchStoryboardName = LaunchScreen;
				INFOPLIST_KEY_UISupportedInterfaceOrientations_iPad = "UIInterfaceOrientationPortrait UIInterfaceOrientationPortraitUpsideDown UIInterfaceOrientationLandscapeLeft UIInterfaceOrientationLandscapeRight";
				INFOPLIST_KEY_UISupportedInterfaceOrientations_iPhone = "UIInterfaceOrientationPortrait UIInterfaceOrientationLandscapeLeft UIInterfaceOrientationLandscapeRight";
				LD_RUNPATH_SEARCH_PATHS = (
					"$(inherited)",
					"@executable_path/Frameworks",
				);
				MARKETING_VERSION = 1.0;
				PRODUCT_BUNDLE_IDENTIFIER = "maximchik666-gmail.com.Navigation";
				PRODUCT_NAME = "$(TARGET_NAME)";
				SUPPORTED_PLATFORMS = "iphoneos iphonesimulator";
				SUPPORTS_MACCATALYST = NO;
				SUPPORTS_MAC_DESIGNED_FOR_IPHONE_IPAD = NO;
				SWIFT_EMIT_LOC_STRINGS = YES;
				SWIFT_VERSION = 5.0;
				TARGETED_DEVICE_FAMILY = "1,2";
			};
			name = Debug;
		};
		99E8363C28AA26110021FAF0 /* Release */ = {
			isa = XCBuildConfiguration;
			buildSettings = {
				ALWAYS_EMBED_SWIFT_STANDARD_LIBRARIES = YES;
				ASSETCATALOG_COMPILER_APPICON_NAME = AppIcon;
				ASSETCATALOG_COMPILER_GLOBAL_ACCENT_COLOR_NAME = AccentColor;
				CODE_SIGN_STYLE = Automatic;
				CURRENT_PROJECT_VERSION = 1;
				DEVELOPMENT_TEAM = K424BZ7XRC;
				GENERATE_INFOPLIST_FILE = YES;
				INFOPLIST_FILE = Navigation/Info.plist;
				INFOPLIST_KEY_UIApplicationSupportsIndirectInputEvents = YES;
				INFOPLIST_KEY_UILaunchStoryboardName = LaunchScreen;
				INFOPLIST_KEY_UISupportedInterfaceOrientations_iPad = "UIInterfaceOrientationPortrait UIInterfaceOrientationPortraitUpsideDown UIInterfaceOrientationLandscapeLeft UIInterfaceOrientationLandscapeRight";
				INFOPLIST_KEY_UISupportedInterfaceOrientations_iPhone = "UIInterfaceOrientationPortrait UIInterfaceOrientationLandscapeLeft UIInterfaceOrientationLandscapeRight";
				LD_RUNPATH_SEARCH_PATHS = (
					"$(inherited)",
					"@executable_path/Frameworks",
				);
				MARKETING_VERSION = 1.0;
				PRODUCT_BUNDLE_IDENTIFIER = "maximchik666-gmail.com.Navigation";
				PRODUCT_NAME = "$(TARGET_NAME)";
				SUPPORTED_PLATFORMS = "iphoneos iphonesimulator";
				SUPPORTS_MACCATALYST = NO;
				SUPPORTS_MAC_DESIGNED_FOR_IPHONE_IPAD = NO;
				SWIFT_EMIT_LOC_STRINGS = YES;
				SWIFT_VERSION = 5.0;
				TARGETED_DEVICE_FAMILY = "1,2";
			};
			name = Release;
		};
/* End XCBuildConfiguration section */

/* Begin XCConfigurationList section */
		998C0D5528F03950009BD0B4 /* Build configuration list for PBXNativeTarget "StorageService" */ = {
			isa = XCConfigurationList;
			buildConfigurations = (
				998C0D5128F03950009BD0B4 /* Debug */,
				998C0D5228F03950009BD0B4 /* Release */,
			);
			defaultConfigurationIsVisible = 0;
			defaultConfigurationName = Debug;
		};
		99E8362128AA26100021FAF0 /* Build configuration list for PBXProject "Navigation" */ = {
			isa = XCConfigurationList;
			buildConfigurations = (
				99E8363828AA26110021FAF0 /* Debug */,
				99E8363928AA26110021FAF0 /* Release */,
			);
			defaultConfigurationIsVisible = 0;
			defaultConfigurationName = Debug;
		};
		99E8363A28AA26110021FAF0 /* Build configuration list for PBXNativeTarget "Navigation" */ = {
			isa = XCConfigurationList;
			buildConfigurations = (
				99E8363B28AA26110021FAF0 /* Debug */,
				99E8363C28AA26110021FAF0 /* Release */,
			);
			defaultConfigurationIsVisible = 0;
			defaultConfigurationName = Debug;
		};
/* End XCConfigurationList section */

/* Begin XCRemoteSwiftPackageReference section */
		995ACD9D2902D7990079559A /* XCRemoteSwiftPackageReference "iOSIntPackage" */ = {
			isa = XCRemoteSwiftPackageReference;
			repositoryURL = "https://github.com/TrueMax/iOSIntPackage";
			requirement = {
				branch = imagepublisher;
				kind = branch;
			};
		};
/* End XCRemoteSwiftPackageReference section */

/* Begin XCSwiftPackageProductDependency section */
		995ACD9E2902D7990079559A /* iOSIntPackage */ = {
			isa = XCSwiftPackageProductDependency;
			package = 995ACD9D2902D7990079559A /* XCRemoteSwiftPackageReference "iOSIntPackage" */;
			productName = iOSIntPackage;
		};
/* End XCSwiftPackageProductDependency section */
	};
	rootObject = 99E8361E28AA26100021FAF0 /* Project object */;
}
