// !$*UTF8*$!
{
	archiveVersion = 1;
	classes = {
	};
	objectVersion = 55;
	objects = {

/* Begin PBXBuildFile section */
		990F39B228CA18060037D08A /* PhotosTableViewCell.swift in Sources */ = {isa = PBXBuildFile; fileRef = 990F39B128CA18060037D08A /* PhotosTableViewCell.swift */; };
		990F39B428CA18B80037D08A /* PhotosViewController.swift in Sources */ = {isa = PBXBuildFile; fileRef = 990F39B328CA18B80037D08A /* PhotosViewController.swift */; };
		992200B22937B296005F880C /* FirebaseAuth in Frameworks */ = {isa = PBXBuildFile; productRef = 992200B12937B296005F880C /* FirebaseAuth */; };
		992200B42938DE2C005F880C /* GoogleService-Info.plist in Resources */ = {isa = PBXBuildFile; fileRef = 992200B32938DE2C005F880C /* GoogleService-Info.plist */; };
		992200B52938DE2C005F880C /* GoogleService-Info.plist in Resources */ = {isa = PBXBuildFile; fileRef = 992200B32938DE2C005F880C /* GoogleService-Info.plist */; };
		99229223293D1AAD00110E44 /* FileViewController.swift in Sources */ = {isa = PBXBuildFile; fileRef = 99229222293D1AAD00110E44 /* FileViewController.swift */; };
		99229225293D1B5D00110E44 /* FileTabCoordinator.swift in Sources */ = {isa = PBXBuildFile; fileRef = 99229224293D1B5D00110E44 /* FileTabCoordinator.swift */; };
		99229227293D25C200110E44 /* FileManagerService.swift in Sources */ = {isa = PBXBuildFile; fileRef = 99229226293D25C200110E44 /* FileManagerService.swift */; };
		99229229293D2AA400110E44 /* DataModel.swift in Sources */ = {isa = PBXBuildFile; fileRef = 99229228293D2AA400110E44 /* DataModel.swift */; };
		9922922B293D351100110E44 /* InputHandler.swift in Sources */ = {isa = PBXBuildFile; fileRef = 9922922A293D351100110E44 /* InputHandler.swift */; };
		992292522944D44800110E44 /* KeychainSwift in Frameworks */ = {isa = PBXBuildFile; productRef = 992292512944D44800110E44 /* KeychainSwift */; };
		992292542944D46D00110E44 /* FileLoginViewController.swift in Sources */ = {isa = PBXBuildFile; fileRef = 992292532944D46D00110E44 /* FileLoginViewController.swift */; };
		993220242982EDC800735BD2 /* Localizable.strings in Resources */ = {isa = PBXBuildFile; fileRef = 993220262982EDC800735BD2 /* Localizable.strings */; };
		993220282982F7D500735BD2 /* Localizable.strings in Resources */ = {isa = PBXBuildFile; fileRef = 993220262982EDC800735BD2 /* Localizable.strings */; };
		9955D452294648CA00D2AAE1 /* TinyConstraints in Frameworks */ = {isa = PBXBuildFile; productRef = 9955D451294648CA00D2AAE1 /* TinyConstraints */; };
		995ACD9F2902D7990079559A /* iOSIntPackage in Frameworks */ = {isa = PBXBuildFile; productRef = 995ACD9E2902D7990079559A /* iOSIntPackage */; };
		995B5B5F28C62A00007F027F /* ProfileTableHederView.swift in Sources */ = {isa = PBXBuildFile; fileRef = 995B5B5E28C62A00007F027F /* ProfileTableHederView.swift */; };
		995D7DA3290DA620000E31E4 /* SelectedUserSingletone.swift in Sources */ = {isa = PBXBuildFile; fileRef = 995D7DA2290DA620000E31E4 /* SelectedUserSingletone.swift */; };
		995D7DA5290EACAC000E31E4 /* PostViewCoordinator.swift in Sources */ = {isa = PBXBuildFile; fileRef = 995D7DA4290EACAC000E31E4 /* PostViewCoordinator.swift */; };
		995E133328BE392C006B5B63 /* LoginViewController.swift in Sources */ = {isa = PBXBuildFile; fileRef = 995E133228BE392C006B5B63 /* LoginViewController.swift */; };
		996F0C6628CA321400BEB2D1 /* PhotoCollectionViewCell.swift in Sources */ = {isa = PBXBuildFile; fileRef = 996F0C6528CA321400BEB2D1 /* PhotoCollectionViewCell.swift */; };
		997071A429464C7800920BBB /* Realm in Frameworks */ = {isa = PBXBuildFile; productRef = 997071A329464C7800920BBB /* Realm */; };
		997071A629464C7800920BBB /* RealmSwift in Frameworks */ = {isa = PBXBuildFile; productRef = 997071A529464C7800920BBB /* RealmSwift */; };
		997071A829464CC300920BBB /* RealmManager.swift in Sources */ = {isa = PBXBuildFile; fileRef = 997071A729464CC300920BBB /* RealmManager.swift */; };
		9973B693299D418C00422ED2 /* LocalAuthorizationService.swift in Sources */ = {isa = PBXBuildFile; fileRef = 9973B692299D418C00422ED2 /* LocalAuthorizationService.swift */; };
		997710C0290D6D79000D84E9 /* Coordinator.swift in Sources */ = {isa = PBXBuildFile; fileRef = 997710BF290D6D79000D84E9 /* Coordinator.swift */; };
		997710C4290D6E4C000D84E9 /* AppCoordinator.swift in Sources */ = {isa = PBXBuildFile; fileRef = 997710C3290D6E4C000D84E9 /* AppCoordinator.swift */; };
		997710C6290D77B7000D84E9 /* MainTapBarController.swift in Sources */ = {isa = PBXBuildFile; fileRef = 997710C5290D77B7000D84E9 /* MainTapBarController.swift */; };
		997710C8290D7A69000D84E9 /* FeedCoordinator.swift in Sources */ = {isa = PBXBuildFile; fileRef = 997710C7290D7A69000D84E9 /* FeedCoordinator.swift */; };
		997710CA290D7CEF000D84E9 /* ProfileTabCoordinator.swift in Sources */ = {isa = PBXBuildFile; fileRef = 997710C9290D7CEF000D84E9 /* ProfileTabCoordinator.swift */; };
		998B16D528FAE36400DE194C /* UserInfo.swift in Sources */ = {isa = PBXBuildFile; fileRef = 998B16D428FAE36400DE194C /* UserInfo.swift */; };
		998B16D728FDB93800DE194C /* Checker.swift in Sources */ = {isa = PBXBuildFile; fileRef = 998B16D628FDB93800DE194C /* Checker.swift */; };
		998C0D3D28F03950009BD0B4 /* StorageService.docc in Sources */ = {isa = PBXBuildFile; fileRef = 998C0D3C28F03950009BD0B4 /* StorageService.docc */; };
		998C0D4B28F03950009BD0B4 /* StorageService.h in Headers */ = {isa = PBXBuildFile; fileRef = 998C0D3B28F03950009BD0B4 /* StorageService.h */; settings = {ATTRIBUTES = (Public, ); }; };
		998C0D4E28F03950009BD0B4 /* StorageService.framework in Frameworks */ = {isa = PBXBuildFile; fileRef = 998C0D3928F03950009BD0B4 /* StorageService.framework */; };
		998C0D4F28F03950009BD0B4 /* StorageService.framework in Embed Frameworks */ = {isa = PBXBuildFile; fileRef = 998C0D3928F03950009BD0B4 /* StorageService.framework */; settings = {ATTRIBUTES = (CodeSignOnCopy, RemoveHeadersOnCopy, ); }; };
		998C0D5728F039B7009BD0B4 /* StructPost.swift in Sources */ = {isa = PBXBuildFile; fileRef = 99CBBE8A28ACEBC200DDCB77 /* StructPost.swift */; };
		99B91E9829338F8E00242D64 /* JSONReceiver.swift in Sources */ = {isa = PBXBuildFile; fileRef = 99B91E9729338F8E00242D64 /* JSONReceiver.swift */; };
		99BEAD5B28AA48CB00F8A03F /* PostViewController.swift in Sources */ = {isa = PBXBuildFile; fileRef = 99BEAD5A28AA48CB00F8A03F /* PostViewController.swift */; };
		99BEAD5D28AA48F400F8A03F /* InfoViewController.swift in Sources */ = {isa = PBXBuildFile; fileRef = 99BEAD5C28AA48F400F8A03F /* InfoViewController.swift */; };
		99D5B8632951E18700447186 /* Navigation.xcdatamodeld in Sources */ = {isa = PBXBuildFile; fileRef = 99D5B8612951E18600447186 /* Navigation.xcdatamodeld */; };
		99D5B8662951E2C000447186 /* CoreDataManager.swift in Sources */ = {isa = PBXBuildFile; fileRef = 99D5B8652951E2C000447186 /* CoreDataManager.swift */; };
		99D5B8682951E41400447186 /* SavedPostsTabCoordinator.swift in Sources */ = {isa = PBXBuildFile; fileRef = 99D5B8672951E41400447186 /* SavedPostsTabCoordinator.swift */; };
		99D5B86B2951E4E600447186 /* SavedPostsController.swift in Sources */ = {isa = PBXBuildFile; fileRef = 99D5B86A2951E4E600447186 /* SavedPostsController.swift */; };
		99DE41DC297C4E8000DAF428 /* MapTabCoordinator.swift in Sources */ = {isa = PBXBuildFile; fileRef = 99DE41DB297C4E8000DAF428 /* MapTabCoordinator.swift */; };
		99DE41DE297C4F1400DAF428 /* MapViewController.swift in Sources */ = {isa = PBXBuildFile; fileRef = 99DE41DD297C4F1400DAF428 /* MapViewController.swift */; };
		99DEC62A28C61F5200A0CE64 /* PostTableViewCell.swift in Sources */ = {isa = PBXBuildFile; fileRef = 99DEC62928C61F5200A0CE64 /* PostTableViewCell.swift */; };
		99E8362A28AA26100021FAF0 /* AppDelegate.swift in Sources */ = {isa = PBXBuildFile; fileRef = 99E8362928AA26100021FAF0 /* AppDelegate.swift */; };
		99E8362E28AA26100021FAF0 /* ProfileViewController.swift in Sources */ = {isa = PBXBuildFile; fileRef = 99E8362D28AA26100021FAF0 /* ProfileViewController.swift */; };
		99E8363328AA26110021FAF0 /* Assets.xcassets in Resources */ = {isa = PBXBuildFile; fileRef = 99E8363228AA26110021FAF0 /* Assets.xcassets */; };
		99E8363628AA26110021FAF0 /* LaunchScreen.storyboard in Resources */ = {isa = PBXBuildFile; fileRef = 99E8363428AA26110021FAF0 /* LaunchScreen.storyboard */; };
		99E8364028AA26BD0021FAF0 /* FeedViewController.swift in Sources */ = {isa = PBXBuildFile; fileRef = 99E8363F28AA26BD0021FAF0 /* FeedViewController.swift */; };
		99EAB894298D7547004599F1 /* ColorSwitcher.swift in Sources */ = {isa = PBXBuildFile; fileRef = 99EAB893298D7547004599F1 /* ColorSwitcher.swift */; };
		99F97FFA299BB172005FC68E /* NavigationTests.swift in Sources */ = {isa = PBXBuildFile; fileRef = 99F97FF9299BB172005FC68E /* NavigationTests.swift */; };
		99FB0AD8292BBB430046534C /* AppErrors.swift in Sources */ = {isa = PBXBuildFile; fileRef = 99FB0AD7292BBB430046534C /* AppErrors.swift */; };
		99FB0ADB292CEED80046534C /* MediaViewController.swift in Sources */ = {isa = PBXBuildFile; fileRef = 99FB0ADA292CEED80046534C /* MediaViewController.swift */; };
		99FB0ADD292CF0B10046534C /* MediaTabCoordinator.swift in Sources */ = {isa = PBXBuildFile; fileRef = 99FB0ADC292CF0B10046534C /* MediaTabCoordinator.swift */; };
		99FB0AE0292CF59C0046534C /* Шедевр 01.mp3 in Resources */ = {isa = PBXBuildFile; fileRef = 99FB0ADF292CF59C0046534C /* Шедевр 01.mp3 */; };
		99FB0AE5292CF66D0046534C /* Шедевр 05.mp3 in Resources */ = {isa = PBXBuildFile; fileRef = 99FB0AE1292CF66D0046534C /* Шедевр 05.mp3 */; };
		99FB0AE6292CF66D0046534C /* Шедевр 04.mp3 in Resources */ = {isa = PBXBuildFile; fileRef = 99FB0AE2292CF66D0046534C /* Шедевр 04.mp3 */; };
		99FB0AE7292CF66D0046534C /* Шедевр 03.mp3 in Resources */ = {isa = PBXBuildFile; fileRef = 99FB0AE3292CF66D0046534C /* Шедевр 03.mp3 */; };
		99FB0AE8292CF66D0046534C /* Шедевр 02.mp3 in Resources */ = {isa = PBXBuildFile; fileRef = 99FB0AE4292CF66D0046534C /* Шедевр 02.mp3 */; };
		99FB0AEA292D0C360046534C /* CustomUIElements.swift in Sources */ = {isa = PBXBuildFile; fileRef = 99FB0AE9292D0C360046534C /* CustomUIElements.swift */; };
		99FB0AEC292E3B120046534C /* NetworkService.swift in Sources */ = {isa = PBXBuildFile; fileRef = 99FB0AEB292E3B120046534C /* NetworkService.swift */; };
		99FB0AEE292E3B6F0046534C /* AppConfiguration.swift in Sources */ = {isa = PBXBuildFile; fileRef = 99FB0AED292E3B6F0046534C /* AppConfiguration.swift */; };
/* End PBXBuildFile section */

/* Begin PBXContainerItemProxy section */
		998C0D4C28F03950009BD0B4 /* PBXContainerItemProxy */ = {
			isa = PBXContainerItemProxy;
			containerPortal = 99E8361E28AA26100021FAF0 /* Project object */;
			proxyType = 1;
			remoteGlobalIDString = 998C0D3828F03950009BD0B4;
			remoteInfo = StorageService;
		};
		99F97FFB299BB172005FC68E /* PBXContainerItemProxy */ = {
			isa = PBXContainerItemProxy;
			containerPortal = 99E8361E28AA26100021FAF0 /* Project object */;
			proxyType = 1;
			remoteGlobalIDString = 99E8362528AA26100021FAF0;
			remoteInfo = Navigation;
		};
/* End PBXContainerItemProxy section */

/* Begin PBXCopyFilesBuildPhase section */
		998C0D5028F03950009BD0B4 /* Embed Frameworks */ = {
			isa = PBXCopyFilesBuildPhase;
			buildActionMask = 2147483647;
			dstPath = "";
			dstSubfolderSpec = 10;
			files = (
				998C0D4F28F03950009BD0B4 /* StorageService.framework in Embed Frameworks */,
			);
			name = "Embed Frameworks";
			runOnlyForDeploymentPostprocessing = 0;
		};
/* End PBXCopyFilesBuildPhase section */

/* Begin PBXFileReference section */
		990F39B128CA18060037D08A /* PhotosTableViewCell.swift */ = {isa = PBXFileReference; lastKnownFileType = sourcecode.swift; path = PhotosTableViewCell.swift; sourceTree = "<group>"; };
		990F39B328CA18B80037D08A /* PhotosViewController.swift */ = {isa = PBXFileReference; lastKnownFileType = sourcecode.swift; path = PhotosViewController.swift; sourceTree = "<group>"; };
		992200B32938DE2C005F880C /* GoogleService-Info.plist */ = {isa = PBXFileReference; fileEncoding = 4; lastKnownFileType = text.plist.xml; path = "GoogleService-Info.plist"; sourceTree = "<group>"; };
		99229222293D1AAD00110E44 /* FileViewController.swift */ = {isa = PBXFileReference; lastKnownFileType = sourcecode.swift; path = FileViewController.swift; sourceTree = "<group>"; };
		99229224293D1B5D00110E44 /* FileTabCoordinator.swift */ = {isa = PBXFileReference; lastKnownFileType = sourcecode.swift; path = FileTabCoordinator.swift; sourceTree = "<group>"; };
		99229226293D25C200110E44 /* FileManagerService.swift */ = {isa = PBXFileReference; lastKnownFileType = sourcecode.swift; path = FileManagerService.swift; sourceTree = "<group>"; };
		99229228293D2AA400110E44 /* DataModel.swift */ = {isa = PBXFileReference; lastKnownFileType = sourcecode.swift; path = DataModel.swift; sourceTree = "<group>"; };
		9922922A293D351100110E44 /* InputHandler.swift */ = {isa = PBXFileReference; lastKnownFileType = sourcecode.swift; path = InputHandler.swift; sourceTree = "<group>"; };
		992292532944D46D00110E44 /* FileLoginViewController.swift */ = {isa = PBXFileReference; lastKnownFileType = sourcecode.swift; path = FileLoginViewController.swift; sourceTree = "<group>"; };
		993220212982EAC800735BD2 /* ru */ = {isa = PBXFileReference; lastKnownFileType = text.plist.strings; name = ru; path = ru.lproj/LaunchScreen.strings; sourceTree = "<group>"; };
		993220252982EDC800735BD2 /* en */ = {isa = PBXFileReference; lastKnownFileType = text.plist.strings; name = en; path = en.lproj/Localizable.strings; sourceTree = "<group>"; };
		993220272982EDCC00735BD2 /* ru */ = {isa = PBXFileReference; lastKnownFileType = text.plist.strings; name = ru; path = ru.lproj/Localizable.strings; sourceTree = "<group>"; };
		995B5B5E28C62A00007F027F /* ProfileTableHederView.swift */ = {isa = PBXFileReference; lastKnownFileType = sourcecode.swift; path = ProfileTableHederView.swift; sourceTree = "<group>"; };
		995D7DA2290DA620000E31E4 /* SelectedUserSingletone.swift */ = {isa = PBXFileReference; lastKnownFileType = sourcecode.swift; path = SelectedUserSingletone.swift; sourceTree = "<group>"; };
		995D7DA4290EACAC000E31E4 /* PostViewCoordinator.swift */ = {isa = PBXFileReference; lastKnownFileType = sourcecode.swift; path = PostViewCoordinator.swift; sourceTree = "<group>"; };
		995E133228BE392C006B5B63 /* LoginViewController.swift */ = {isa = PBXFileReference; lastKnownFileType = sourcecode.swift; path = LoginViewController.swift; sourceTree = "<group>"; };
		996F0C6528CA321400BEB2D1 /* PhotoCollectionViewCell.swift */ = {isa = PBXFileReference; lastKnownFileType = sourcecode.swift; path = PhotoCollectionViewCell.swift; sourceTree = "<group>"; };
		997071A729464CC300920BBB /* RealmManager.swift */ = {isa = PBXFileReference; lastKnownFileType = sourcecode.swift; path = RealmManager.swift; sourceTree = "<group>"; };
		9973B692299D418C00422ED2 /* LocalAuthorizationService.swift */ = {isa = PBXFileReference; lastKnownFileType = sourcecode.swift; path = LocalAuthorizationService.swift; sourceTree = "<group>"; };
		997710BF290D6D79000D84E9 /* Coordinator.swift */ = {isa = PBXFileReference; lastKnownFileType = sourcecode.swift; path = Coordinator.swift; sourceTree = "<group>"; };
		997710C3290D6E4C000D84E9 /* AppCoordinator.swift */ = {isa = PBXFileReference; lastKnownFileType = sourcecode.swift; path = AppCoordinator.swift; sourceTree = "<group>"; };
		997710C5290D77B7000D84E9 /* MainTapBarController.swift */ = {isa = PBXFileReference; lastKnownFileType = sourcecode.swift; path = MainTapBarController.swift; sourceTree = "<group>"; };
		997710C7290D7A69000D84E9 /* FeedCoordinator.swift */ = {isa = PBXFileReference; lastKnownFileType = sourcecode.swift; path = FeedCoordinator.swift; sourceTree = "<group>"; };
		997710C9290D7CEF000D84E9 /* ProfileTabCoordinator.swift */ = {isa = PBXFileReference; lastKnownFileType = sourcecode.swift; path = ProfileTabCoordinator.swift; sourceTree = "<group>"; };
		998B16D428FAE36400DE194C /* UserInfo.swift */ = {isa = PBXFileReference; lastKnownFileType = sourcecode.swift; path = UserInfo.swift; sourceTree = "<group>"; };
		998B16D628FDB93800DE194C /* Checker.swift */ = {isa = PBXFileReference; lastKnownFileType = sourcecode.swift; path = Checker.swift; sourceTree = "<group>"; };
		998C0D3928F03950009BD0B4 /* StorageService.framework */ = {isa = PBXFileReference; explicitFileType = wrapper.framework; includeInIndex = 0; path = StorageService.framework; sourceTree = BUILT_PRODUCTS_DIR; };
		998C0D3B28F03950009BD0B4 /* StorageService.h */ = {isa = PBXFileReference; lastKnownFileType = sourcecode.c.h; path = StorageService.h; sourceTree = "<group>"; };
		998C0D3C28F03950009BD0B4 /* StorageService.docc */ = {isa = PBXFileReference; lastKnownFileType = folder.documentationcatalog; path = StorageService.docc; sourceTree = "<group>"; };
		99B91E9729338F8E00242D64 /* JSONReceiver.swift */ = {isa = PBXFileReference; lastKnownFileType = sourcecode.swift; path = JSONReceiver.swift; sourceTree = "<group>"; };
		99BEAD5A28AA48CB00F8A03F /* PostViewController.swift */ = {isa = PBXFileReference; lastKnownFileType = sourcecode.swift; path = PostViewController.swift; sourceTree = "<group>"; };
		99BEAD5C28AA48F400F8A03F /* InfoViewController.swift */ = {isa = PBXFileReference; lastKnownFileType = sourcecode.swift; path = InfoViewController.swift; sourceTree = "<group>"; };
		99CBBE8A28ACEBC200DDCB77 /* StructPost.swift */ = {isa = PBXFileReference; lastKnownFileType = sourcecode.swift; path = StructPost.swift; sourceTree = "<group>"; };
		99D5B8622951E18600447186 /* WorkOutApp.xcdatamodel */ = {isa = PBXFileReference; lastKnownFileType = wrapper.xcdatamodel; path = WorkOutApp.xcdatamodel; sourceTree = "<group>"; };
		99D5B8652951E2C000447186 /* CoreDataManager.swift */ = {isa = PBXFileReference; lastKnownFileType = sourcecode.swift; path = CoreDataManager.swift; sourceTree = "<group>"; };
		99D5B8672951E41400447186 /* SavedPostsTabCoordinator.swift */ = {isa = PBXFileReference; lastKnownFileType = sourcecode.swift; path = SavedPostsTabCoordinator.swift; sourceTree = "<group>"; };
		99D5B86A2951E4E600447186 /* SavedPostsController.swift */ = {isa = PBXFileReference; lastKnownFileType = sourcecode.swift; path = SavedPostsController.swift; sourceTree = "<group>"; };
		99DE41DB297C4E8000DAF428 /* MapTabCoordinator.swift */ = {isa = PBXFileReference; lastKnownFileType = sourcecode.swift; path = MapTabCoordinator.swift; sourceTree = "<group>"; };
		99DE41DD297C4F1400DAF428 /* MapViewController.swift */ = {isa = PBXFileReference; lastKnownFileType = sourcecode.swift; path = MapViewController.swift; sourceTree = "<group>"; };
		99DEC62928C61F5200A0CE64 /* PostTableViewCell.swift */ = {isa = PBXFileReference; lastKnownFileType = sourcecode.swift; path = PostTableViewCell.swift; sourceTree = "<group>"; };
		99E8362628AA26100021FAF0 /* Navigation.app */ = {isa = PBXFileReference; explicitFileType = wrapper.application; includeInIndex = 0; path = Navigation.app; sourceTree = BUILT_PRODUCTS_DIR; };
		99E8362928AA26100021FAF0 /* AppDelegate.swift */ = {isa = PBXFileReference; lastKnownFileType = sourcecode.swift; path = AppDelegate.swift; sourceTree = "<group>"; };
		99E8362D28AA26100021FAF0 /* ProfileViewController.swift */ = {isa = PBXFileReference; lastKnownFileType = sourcecode.swift; path = ProfileViewController.swift; sourceTree = "<group>"; };
		99E8363228AA26110021FAF0 /* Assets.xcassets */ = {isa = PBXFileReference; lastKnownFileType = folder.assetcatalog; path = Assets.xcassets; sourceTree = "<group>"; };
		99E8363528AA26110021FAF0 /* Base */ = {isa = PBXFileReference; lastKnownFileType = file.storyboard; name = Base; path = Base.lproj/LaunchScreen.storyboard; sourceTree = "<group>"; };
		99E8363728AA26110021FAF0 /* Info.plist */ = {isa = PBXFileReference; lastKnownFileType = text.plist.xml; path = Info.plist; sourceTree = "<group>"; };
		99E8363F28AA26BD0021FAF0 /* FeedViewController.swift */ = {isa = PBXFileReference; lastKnownFileType = sourcecode.swift; path = FeedViewController.swift; sourceTree = "<group>"; };
		99EAB893298D7547004599F1 /* ColorSwitcher.swift */ = {isa = PBXFileReference; lastKnownFileType = sourcecode.swift; path = ColorSwitcher.swift; sourceTree = "<group>"; };
		99F97FF7299BB172005FC68E /* NavigationTests.xctest */ = {isa = PBXFileReference; explicitFileType = wrapper.cfbundle; includeInIndex = 0; path = NavigationTests.xctest; sourceTree = BUILT_PRODUCTS_DIR; };
		99F97FF9299BB172005FC68E /* NavigationTests.swift */ = {isa = PBXFileReference; lastKnownFileType = sourcecode.swift; path = NavigationTests.swift; sourceTree = "<group>"; };
		99FB0AD7292BBB430046534C /* AppErrors.swift */ = {isa = PBXFileReference; lastKnownFileType = sourcecode.swift; path = AppErrors.swift; sourceTree = "<group>"; };
		99FB0ADA292CEED80046534C /* MediaViewController.swift */ = {isa = PBXFileReference; lastKnownFileType = sourcecode.swift; path = MediaViewController.swift; sourceTree = "<group>"; };
		99FB0ADC292CF0B10046534C /* MediaTabCoordinator.swift */ = {isa = PBXFileReference; lastKnownFileType = sourcecode.swift; path = MediaTabCoordinator.swift; sourceTree = "<group>"; };
		99FB0ADF292CF59C0046534C /* Шедевр 01.mp3 */ = {isa = PBXFileReference; lastKnownFileType = audio.mp3; path = "Шедевр 01.mp3"; sourceTree = "<group>"; };
		99FB0AE1292CF66D0046534C /* Шедевр 05.mp3 */ = {isa = PBXFileReference; lastKnownFileType = audio.mp3; path = "Шедевр 05.mp3"; sourceTree = "<group>"; };
		99FB0AE2292CF66D0046534C /* Шедевр 04.mp3 */ = {isa = PBXFileReference; lastKnownFileType = audio.mp3; path = "Шедевр 04.mp3"; sourceTree = "<group>"; };
		99FB0AE3292CF66D0046534C /* Шедевр 03.mp3 */ = {isa = PBXFileReference; lastKnownFileType = audio.mp3; path = "Шедевр 03.mp3"; sourceTree = "<group>"; };
		99FB0AE4292CF66D0046534C /* Шедевр 02.mp3 */ = {isa = PBXFileReference; lastKnownFileType = audio.mp3; path = "Шедевр 02.mp3"; sourceTree = "<group>"; };
		99FB0AE9292D0C360046534C /* CustomUIElements.swift */ = {isa = PBXFileReference; lastKnownFileType = sourcecode.swift; path = CustomUIElements.swift; sourceTree = "<group>"; };
		99FB0AEB292E3B120046534C /* NetworkService.swift */ = {isa = PBXFileReference; lastKnownFileType = sourcecode.swift; path = NetworkService.swift; sourceTree = "<group>"; };
		99FB0AED292E3B6F0046534C /* AppConfiguration.swift */ = {isa = PBXFileReference; lastKnownFileType = sourcecode.swift; path = AppConfiguration.swift; sourceTree = "<group>"; };
/* End PBXFileReference section */

/* Begin PBXFrameworksBuildPhase section */
		998C0D3628F03950009BD0B4 /* Frameworks */ = {
			isa = PBXFrameworksBuildPhase;
			buildActionMask = 2147483647;
			files = (
			);
			runOnlyForDeploymentPostprocessing = 0;
		};
		99E8362328AA26100021FAF0 /* Frameworks */ = {
			isa = PBXFrameworksBuildPhase;
			buildActionMask = 2147483647;
			files = (
				997071A429464C7800920BBB /* Realm in Frameworks */,
				998C0D4E28F03950009BD0B4 /* StorageService.framework in Frameworks */,
				997071A629464C7800920BBB /* RealmSwift in Frameworks */,
				992200B22937B296005F880C /* FirebaseAuth in Frameworks */,
				9955D452294648CA00D2AAE1 /* TinyConstraints in Frameworks */,
				992292522944D44800110E44 /* KeychainSwift in Frameworks */,
				995ACD9F2902D7990079559A /* iOSIntPackage in Frameworks */,
			);
			runOnlyForDeploymentPostprocessing = 0;
		};
		99F97FF4299BB172005FC68E /* Frameworks */ = {
			isa = PBXFrameworksBuildPhase;
			buildActionMask = 2147483647;
			files = (
			);
			runOnlyForDeploymentPostprocessing = 0;
		};
/* End PBXFrameworksBuildPhase section */

/* Begin PBXGroup section */
		99229221293D1A8800110E44 /* FilesTab */ = {
			isa = PBXGroup;
			children = (
				992292532944D46D00110E44 /* FileLoginViewController.swift */,
				99229222293D1AAD00110E44 /* FileViewController.swift */,
				99229226293D25C200110E44 /* FileManagerService.swift */,
				99229228293D2AA400110E44 /* DataModel.swift */,
				9922922A293D351100110E44 /* InputHandler.swift */,
			);
			path = FilesTab;
			sourceTree = "<group>";
		};
		9941EF3C290ECCF8005495BD /* PresentationLayer */ = {
			isa = PBXGroup;
			children = (
				995E133228BE392C006B5B63 /* LoginViewController.swift */,
				997710C5290D77B7000D84E9 /* MainTapBarController.swift */,
				99DE41DD297C4F1400DAF428 /* MapViewController.swift */,
				99D5B8692951E49A00447186 /* SavedPostsTab */,
				99229221293D1A8800110E44 /* FilesTab */,
				99FB0AD9292CEE8C0046534C /* MediaTab */,
				99CBBEAD28AD1B8300DDCB77 /* ProfileTab */,
				99E8363E28AA26710021FAF0 /* FeedTab */,
				997710C1290D6DBE000D84E9 /* Coordinators */,
			);
			path = PresentationLayer;
			sourceTree = "<group>";
		};
		9941EF3D290ECE70005495BD /* CellsAndHeaders */ = {
			isa = PBXGroup;
			children = (
				995B5B5E28C62A00007F027F /* ProfileTableHederView.swift */,
				990F39B128CA18060037D08A /* PhotosTableViewCell.swift */,
				996F0C6528CA321400BEB2D1 /* PhotoCollectionViewCell.swift */,
				99DEC62928C61F5200A0CE64 /* PostTableViewCell.swift */,
			);
			path = CellsAndHeaders;
			sourceTree = "<group>";
		};
		997710C1290D6DBE000D84E9 /* Coordinators */ = {
			isa = PBXGroup;
			children = (
				997710C2290D6DD1000D84E9 /* Protocols */,
				997710C3290D6E4C000D84E9 /* AppCoordinator.swift */,
				997710C7290D7A69000D84E9 /* FeedCoordinator.swift */,
				995D7DA4290EACAC000E31E4 /* PostViewCoordinator.swift */,
				997710C9290D7CEF000D84E9 /* ProfileTabCoordinator.swift */,
				99FB0ADC292CF0B10046534C /* MediaTabCoordinator.swift */,
				99229224293D1B5D00110E44 /* FileTabCoordinator.swift */,
				99D5B8672951E41400447186 /* SavedPostsTabCoordinator.swift */,
				99DE41DB297C4E8000DAF428 /* MapTabCoordinator.swift */,
			);
			path = Coordinators;
			sourceTree = "<group>";
		};
		997710C2290D6DD1000D84E9 /* Protocols */ = {
			isa = PBXGroup;
			children = (
				997710BF290D6D79000D84E9 /* Coordinator.swift */,
			);
			path = Protocols;
			sourceTree = "<group>";
		};
		998C0D3A28F03950009BD0B4 /* StorageService */ = {
			isa = PBXGroup;
			children = (
				99CBBE8A28ACEBC200DDCB77 /* StructPost.swift */,
				998C0D3B28F03950009BD0B4 /* StorageService.h */,
				998C0D3C28F03950009BD0B4 /* StorageService.docc */,
			);
			path = StorageService;
			sourceTree = "<group>";
		};
		99CBBE8C28ACEC0100DDCB77 /* Models */ = {
			isa = PBXGroup;
			children = (
				99FB0AD7292BBB430046534C /* AppErrors.swift */,
				99EAB893298D7547004599F1 /* ColorSwitcher.swift */,
				998B16D428FAE36400DE194C /* UserInfo.swift */,
				998B16D628FDB93800DE194C /* Checker.swift */,
				99FB0AE9292D0C360046534C /* CustomUIElements.swift */,
				995D7DA2290DA620000E31E4 /* SelectedUserSingletone.swift */,
				99FB0AEB292E3B120046534C /* NetworkService.swift */,
				99B91E9729338F8E00242D64 /* JSONReceiver.swift */,
				99FB0AED292E3B6F0046534C /* AppConfiguration.swift */,
				997071A729464CC300920BBB /* RealmManager.swift */,
				9973B692299D418C00422ED2 /* LocalAuthorizationService.swift */,
			);
			path = Models;
			sourceTree = "<group>";
		};
		99CBBEAD28AD1B8300DDCB77 /* ProfileTab */ = {
			isa = PBXGroup;
			children = (
				9941EF3D290ECE70005495BD /* CellsAndHeaders */,
				99E8362D28AA26100021FAF0 /* ProfileViewController.swift */,
				990F39B328CA18B80037D08A /* PhotosViewController.swift */,
			);
			path = ProfileTab;
			sourceTree = "<group>";
		};
		99D5B8642951E1A800447186 /* CoreDataManager */ = {
			isa = PBXGroup;
			children = (
				99D5B8612951E18600447186 /* Navigation.xcdatamodeld */,
				99D5B8652951E2C000447186 /* CoreDataManager.swift */,
			);
			path = CoreDataManager;
			sourceTree = "<group>";
		};
		99D5B8692951E49A00447186 /* SavedPostsTab */ = {
			isa = PBXGroup;
			children = (
				99D5B86A2951E4E600447186 /* SavedPostsController.swift */,
			);
			path = SavedPostsTab;
			sourceTree = "<group>";
		};
		99E8361D28AA26100021FAF0 = {
			isa = PBXGroup;
			children = (
				992200B32938DE2C005F880C /* GoogleService-Info.plist */,
				99E8362828AA26100021FAF0 /* Navigation */,
				998C0D3A28F03950009BD0B4 /* StorageService */,
				99F97FF8299BB172005FC68E /* NavigationTests */,
				99E8362728AA26100021FAF0 /* Products */,
			);
			sourceTree = "<group>";
		};
		99E8362728AA26100021FAF0 /* Products */ = {
			isa = PBXGroup;
			children = (
				99E8362628AA26100021FAF0 /* Navigation.app */,
				998C0D3928F03950009BD0B4 /* StorageService.framework */,
				99F97FF7299BB172005FC68E /* NavigationTests.xctest */,
			);
			name = Products;
			sourceTree = "<group>";
		};
		99E8362828AA26100021FAF0 /* Navigation */ = {
			isa = PBXGroup;
			children = (
				99D5B8642951E1A800447186 /* CoreDataManager */,
				99E8363D28AA264F0021FAF0 /* ApplicationLayer */,
				99CBBE8C28ACEC0100DDCB77 /* Models */,
				9941EF3C290ECCF8005495BD /* PresentationLayer */,
				99FB0ADE292CF57C0046534C /* MediaFiles */,
				99E8363228AA26110021FAF0 /* Assets.xcassets */,
				99E8363428AA26110021FAF0 /* LaunchScreen.storyboard */,
				99E8363728AA26110021FAF0 /* Info.plist */,
				993220262982EDC800735BD2 /* Localizable.strings */,
			);
			path = Navigation;
			sourceTree = "<group>";
		};
		99E8363D28AA264F0021FAF0 /* ApplicationLayer */ = {
			isa = PBXGroup;
			children = (
				99E8362928AA26100021FAF0 /* AppDelegate.swift */,
			);
			path = ApplicationLayer;
			sourceTree = "<group>";
		};
		99E8363E28AA26710021FAF0 /* FeedTab */ = {
			isa = PBXGroup;
			children = (
				99BEAD5A28AA48CB00F8A03F /* PostViewController.swift */,
				99E8363F28AA26BD0021FAF0 /* FeedViewController.swift */,
				99BEAD5C28AA48F400F8A03F /* InfoViewController.swift */,
			);
			path = FeedTab;
			sourceTree = "<group>";
		};
		99F97FF8299BB172005FC68E /* NavigationTests */ = {
			isa = PBXGroup;
			children = (
				99F97FF9299BB172005FC68E /* NavigationTests.swift */,
			);
			path = NavigationTests;
			sourceTree = "<group>";
		};
		99FB0AD9292CEE8C0046534C /* MediaTab */ = {
			isa = PBXGroup;
			children = (
				99FB0ADA292CEED80046534C /* MediaViewController.swift */,
			);
			path = MediaTab;
			sourceTree = "<group>";
		};
		99FB0ADE292CF57C0046534C /* MediaFiles */ = {
			isa = PBXGroup;
			children = (
				99FB0ADF292CF59C0046534C /* Шедевр 01.mp3 */,
				99FB0AE4292CF66D0046534C /* Шедевр 02.mp3 */,
				99FB0AE3292CF66D0046534C /* Шедевр 03.mp3 */,
				99FB0AE2292CF66D0046534C /* Шедевр 04.mp3 */,
				99FB0AE1292CF66D0046534C /* Шедевр 05.mp3 */,
			);
			path = MediaFiles;
			sourceTree = "<group>";
		};
/* End PBXGroup section */

/* Begin PBXHeadersBuildPhase section */
		998C0D3428F03950009BD0B4 /* Headers */ = {
			isa = PBXHeadersBuildPhase;
			buildActionMask = 2147483647;
			files = (
				998C0D4B28F03950009BD0B4 /* StorageService.h in Headers */,
			);
			runOnlyForDeploymentPostprocessing = 0;
		};
/* End PBXHeadersBuildPhase section */

/* Begin PBXNativeTarget section */
		998C0D3828F03950009BD0B4 /* StorageService */ = {
			isa = PBXNativeTarget;
			buildConfigurationList = 998C0D5528F03950009BD0B4 /* Build configuration list for PBXNativeTarget "StorageService" */;
			buildPhases = (
				998C0D3428F03950009BD0B4 /* Headers */,
				998C0D3528F03950009BD0B4 /* Sources */,
				998C0D3628F03950009BD0B4 /* Frameworks */,
				998C0D3728F03950009BD0B4 /* Resources */,
			);
			buildRules = (
			);
			dependencies = (
			);
			name = StorageService;
			productName = StorageService;
			productReference = 998C0D3928F03950009BD0B4 /* StorageService.framework */;
			productType = "com.apple.product-type.framework";
		};
		99E8362528AA26100021FAF0 /* Navigation */ = {
			isa = PBXNativeTarget;
			buildConfigurationList = 99E8363A28AA26110021FAF0 /* Build configuration list for PBXNativeTarget "Navigation" */;
			buildPhases = (
				99E8362228AA26100021FAF0 /* Sources */,
				99E8362328AA26100021FAF0 /* Frameworks */,
				99E8362428AA26100021FAF0 /* Resources */,
				998C0D5028F03950009BD0B4 /* Embed Frameworks */,
			);
			buildRules = (
			);
			dependencies = (
				998C0D4D28F03950009BD0B4 /* PBXTargetDependency */,
			);
			name = Navigation;
			packageProductDependencies = (
				995ACD9E2902D7990079559A /* iOSIntPackage */,
				992200B12937B296005F880C /* FirebaseAuth */,
				992292512944D44800110E44 /* KeychainSwift */,
				9955D451294648CA00D2AAE1 /* TinyConstraints */,
				997071A329464C7800920BBB /* Realm */,
				997071A529464C7800920BBB /* RealmSwift */,
			);
			productName = Navigation;
			productReference = 99E8362628AA26100021FAF0 /* Navigation.app */;
			productType = "com.apple.product-type.application";
		};
		99F97FF6299BB172005FC68E /* NavigationTests */ = {
			isa = PBXNativeTarget;
			buildConfigurationList = 99F97FFF299BB173005FC68E /* Build configuration list for PBXNativeTarget "NavigationTests" */;
			buildPhases = (
				99F97FF3299BB172005FC68E /* Sources */,
				99F97FF4299BB172005FC68E /* Frameworks */,
				99F97FF5299BB172005FC68E /* Resources */,
			);
			buildRules = (
			);
			dependencies = (
				99F97FFC299BB172005FC68E /* PBXTargetDependency */,
			);
			name = NavigationTests;
			productName = NavigationTests;
			productReference = 99F97FF7299BB172005FC68E /* NavigationTests.xctest */;
			productType = "com.apple.product-type.bundle.unit-test";
		};
/* End PBXNativeTarget section */

/* Begin PBXProject section */
		99E8361E28AA26100021FAF0 /* Project object */ = {
			isa = PBXProject;
			attributes = {
				BuildIndependentTargetsInParallel = 1;
				LastSwiftUpdateCheck = 1420;
				LastUpgradeCheck = 1340;
				TargetAttributes = {
					998C0D3828F03950009BD0B4 = {
						CreatedOnToolsVersion = 14.0.1;
					};
					99E8362528AA26100021FAF0 = {
						CreatedOnToolsVersion = 13.4.1;
					};
					99F97FF6299BB172005FC68E = {
						CreatedOnToolsVersion = 14.2;
						TestTargetID = 99E8362528AA26100021FAF0;
					};
				};
			};
			buildConfigurationList = 99E8362128AA26100021FAF0 /* Build configuration list for PBXProject "Navigation" */;
			compatibilityVersion = "Xcode 13.0";
			developmentRegion = en;
			hasScannedForEncodings = 0;
			knownRegions = (
				en,
				Base,
				ru,
			);
			mainGroup = 99E8361D28AA26100021FAF0;
			packageReferences = (
				995ACD9D2902D7990079559A /* XCRemoteSwiftPackageReference "iOSIntPackage" */,
				992200B02937B296005F880C /* XCRemoteSwiftPackageReference "firebase-ios-sdk" */,
				992292502944D44800110E44 /* XCRemoteSwiftPackageReference "keychain-swift" */,
				9955D450294648CA00D2AAE1 /* XCRemoteSwiftPackageReference "TinyConstraints" */,
				997071A229464C7800920BBB /* XCRemoteSwiftPackageReference "realm-swift" */,
			);
			productRefGroup = 99E8362728AA26100021FAF0 /* Products */;
			projectDirPath = "";
			projectRoot = "";
			targets = (
				99E8362528AA26100021FAF0 /* Navigation */,
				998C0D3828F03950009BD0B4 /* StorageService */,
				99F97FF6299BB172005FC68E /* NavigationTests */,
			);
		};
/* End PBXProject section */

/* Begin PBXResourcesBuildPhase section */
		998C0D3728F03950009BD0B4 /* Resources */ = {
			isa = PBXResourcesBuildPhase;
			buildActionMask = 2147483647;
			files = (
				992200B52938DE2C005F880C /* GoogleService-Info.plist in Resources */,
				993220282982F7D500735BD2 /* Localizable.strings in Resources */,
			);
			runOnlyForDeploymentPostprocessing = 0;
		};
		99E8362428AA26100021FAF0 /* Resources */ = {
			isa = PBXResourcesBuildPhase;
			buildActionMask = 2147483647;
			files = (
				99FB0AE8292CF66D0046534C /* Шедевр 02.mp3 in Resources */,
				992200B42938DE2C005F880C /* GoogleService-Info.plist in Resources */,
				99FB0AE6292CF66D0046534C /* Шедевр 04.mp3 in Resources */,
				99FB0AE7292CF66D0046534C /* Шедевр 03.mp3 in Resources */,
				993220242982EDC800735BD2 /* Localizable.strings in Resources */,
				99FB0AE0292CF59C0046534C /* Шедевр 01.mp3 in Resources */,
				99FB0AE5292CF66D0046534C /* Шедевр 05.mp3 in Resources */,
				99E8363628AA26110021FAF0 /* LaunchScreen.storyboard in Resources */,
				99E8363328AA26110021FAF0 /* Assets.xcassets in Resources */,
			);
			runOnlyForDeploymentPostprocessing = 0;
		};
		99F97FF5299BB172005FC68E /* Resources */ = {
			isa = PBXResourcesBuildPhase;
			buildActionMask = 2147483647;
			files = (
			);
			runOnlyForDeploymentPostprocessing = 0;
		};
/* End PBXResourcesBuildPhase section */

/* Begin PBXSourcesBuildPhase section */
		998C0D3528F03950009BD0B4 /* Sources */ = {
			isa = PBXSourcesBuildPhase;
			buildActionMask = 2147483647;
			files = (
				998C0D5728F039B7009BD0B4 /* StructPost.swift in Sources */,
				998C0D3D28F03950009BD0B4 /* StorageService.docc in Sources */,
			);
			runOnlyForDeploymentPostprocessing = 0;
		};
		99E8362228AA26100021FAF0 /* Sources */ = {
			isa = PBXSourcesBuildPhase;
			buildActionMask = 2147483647;
			files = (
				997710C8290D7A69000D84E9 /* FeedCoordinator.swift in Sources */,
				99D5B8682951E41400447186 /* SavedPostsTabCoordinator.swift in Sources */,
				992292542944D46D00110E44 /* FileLoginViewController.swift in Sources */,
				997710CA290D7CEF000D84E9 /* ProfileTabCoordinator.swift in Sources */,
				996F0C6628CA321400BEB2D1 /* PhotoCollectionViewCell.swift in Sources */,
				99EAB894298D7547004599F1 /* ColorSwitcher.swift in Sources */,
				998B16D728FDB93800DE194C /* Checker.swift in Sources */,
				990F39B228CA18060037D08A /* PhotosTableViewCell.swift in Sources */,
				99D5B8662951E2C000447186 /* CoreDataManager.swift in Sources */,
				997710C6290D77B7000D84E9 /* MainTapBarController.swift in Sources */,
				99DE41DC297C4E8000DAF428 /* MapTabCoordinator.swift in Sources */,
				990F39B428CA18B80037D08A /* PhotosViewController.swift in Sources */,
				99DEC62A28C61F5200A0CE64 /* PostTableViewCell.swift in Sources */,
				99E8362E28AA26100021FAF0 /* ProfileViewController.swift in Sources */,
				99FB0AEC292E3B120046534C /* NetworkService.swift in Sources */,
				997710C0290D6D79000D84E9 /* Coordinator.swift in Sources */,
				99E8362A28AA26100021FAF0 /* AppDelegate.swift in Sources */,
				9922922B293D351100110E44 /* InputHandler.swift in Sources */,
				995E133328BE392C006B5B63 /* LoginViewController.swift in Sources */,
				99229225293D1B5D00110E44 /* FileTabCoordinator.swift in Sources */,
				99FB0ADB292CEED80046534C /* MediaViewController.swift in Sources */,
				99E8364028AA26BD0021FAF0 /* FeedViewController.swift in Sources */,
				99229223293D1AAD00110E44 /* FileViewController.swift in Sources */,
				99BEAD5D28AA48F400F8A03F /* InfoViewController.swift in Sources */,
				99DE41DE297C4F1400DAF428 /* MapViewController.swift in Sources */,
				995D7DA5290EACAC000E31E4 /* PostViewCoordinator.swift in Sources */,
				995D7DA3290DA620000E31E4 /* SelectedUserSingletone.swift in Sources */,
				9973B693299D418C00422ED2 /* LocalAuthorizationService.swift in Sources */,
				99FB0AD8292BBB430046534C /* AppErrors.swift in Sources */,
				997071A829464CC300920BBB /* RealmManager.swift in Sources */,
				997710C4290D6E4C000D84E9 /* AppCoordinator.swift in Sources */,
				99229229293D2AA400110E44 /* DataModel.swift in Sources */,
				99BEAD5B28AA48CB00F8A03F /* PostViewController.swift in Sources */,
				99D5B8632951E18700447186 /* Navigation.xcdatamodeld in Sources */,
				99FB0AEA292D0C360046534C /* CustomUIElements.swift in Sources */,
				998B16D528FAE36400DE194C /* UserInfo.swift in Sources */,
				99229227293D25C200110E44 /* FileManagerService.swift in Sources */,
				99D5B86B2951E4E600447186 /* SavedPostsController.swift in Sources */,
				99B91E9829338F8E00242D64 /* JSONReceiver.swift in Sources */,
				99FB0AEE292E3B6F0046534C /* AppConfiguration.swift in Sources */,
				995B5B5F28C62A00007F027F /* ProfileTableHederView.swift in Sources */,
				99FB0ADD292CF0B10046534C /* MediaTabCoordinator.swift in Sources */,
			);
			runOnlyForDeploymentPostprocessing = 0;
		};
		99F97FF3299BB172005FC68E /* Sources */ = {
			isa = PBXSourcesBuildPhase;
			buildActionMask = 2147483647;
			files = (
				99F97FFA299BB172005FC68E /* NavigationTests.swift in Sources */,
			);
			runOnlyForDeploymentPostprocessing = 0;
		};
/* End PBXSourcesBuildPhase section */

/* Begin PBXTargetDependency section */
		998C0D4D28F03950009BD0B4 /* PBXTargetDependency */ = {
			isa = PBXTargetDependency;
			target = 998C0D3828F03950009BD0B4 /* StorageService */;
			targetProxy = 998C0D4C28F03950009BD0B4 /* PBXContainerItemProxy */;
		};
		99F97FFC299BB172005FC68E /* PBXTargetDependency */ = {
			isa = PBXTargetDependency;
			target = 99E8362528AA26100021FAF0 /* Navigation */;
			targetProxy = 99F97FFB299BB172005FC68E /* PBXContainerItemProxy */;
		};
/* End PBXTargetDependency section */

/* Begin PBXVariantGroup section */
		993220262982EDC800735BD2 /* Localizable.strings */ = {
			isa = PBXVariantGroup;
			children = (
				993220252982EDC800735BD2 /* en */,
				993220272982EDCC00735BD2 /* ru */,
			);
			name = Localizable.strings;
			sourceTree = "<group>";
		};
		99E8363428AA26110021FAF0 /* LaunchScreen.storyboard */ = {
			isa = PBXVariantGroup;
			children = (
				99E8363528AA26110021FAF0 /* Base */,
				993220212982EAC800735BD2 /* ru */,
			);
			name = LaunchScreen.storyboard;
			sourceTree = "<group>";
		};
/* End PBXVariantGroup section */

/* Begin XCBuildConfiguration section */
		998C0D5128F03950009BD0B4 /* Debug */ = {
			isa = XCBuildConfiguration;
			buildSettings = {
				CLANG_CXX_LANGUAGE_STANDARD = "gnu++20";
				CODE_SIGN_STYLE = Automatic;
				CURRENT_PROJECT_VERSION = 1;
				DEFINES_MODULE = YES;
				DEVELOPMENT_TEAM = K424BZ7XRC;
				DYLIB_COMPATIBILITY_VERSION = 1;
				DYLIB_CURRENT_VERSION = 1;
				DYLIB_INSTALL_NAME_BASE = "@rpath";
				GENERATE_INFOPLIST_FILE = YES;
				INFOPLIST_KEY_NSHumanReadableCopyright = "";
				INSTALL_PATH = "$(LOCAL_LIBRARY_DIR)/Frameworks";
				IPHONEOS_DEPLOYMENT_TARGET = 15.0;
				LD_RUNPATH_SEARCH_PATHS = (
					"$(inherited)",
					"@executable_path/Frameworks",
					"@loader_path/Frameworks",
				);
				MARKETING_VERSION = 1.0;
				PRODUCT_BUNDLE_IDENTIFIER = "maximchik666-gmail.com.StorageService";
				PRODUCT_NAME = "$(TARGET_NAME:c99extidentifier)";
				SKIP_INSTALL = YES;
				SUPPORTED_PLATFORMS = "iphoneos iphonesimulator";
				SUPPORTS_MACCATALYST = NO;
				SUPPORTS_MAC_DESIGNED_FOR_IPHONE_IPAD = NO;
				SWIFT_EMIT_LOC_STRINGS = YES;
				SWIFT_VERSION = 5.0;
				TARGETED_DEVICE_FAMILY = "1,2";
				VERSIONING_SYSTEM = "apple-generic";
				VERSION_INFO_PREFIX = "";
			};
			name = Debug;
		};
		998C0D5228F03950009BD0B4 /* Release */ = {
			isa = XCBuildConfiguration;
			buildSettings = {
				CLANG_CXX_LANGUAGE_STANDARD = "gnu++20";
				CODE_SIGN_STYLE = Automatic;
				CURRENT_PROJECT_VERSION = 1;
				DEFINES_MODULE = YES;
				DEVELOPMENT_TEAM = K424BZ7XRC;
				DYLIB_COMPATIBILITY_VERSION = 1;
				DYLIB_CURRENT_VERSION = 1;
				DYLIB_INSTALL_NAME_BASE = "@rpath";
				GENERATE_INFOPLIST_FILE = YES;
				INFOPLIST_KEY_NSHumanReadableCopyright = "";
				INSTALL_PATH = "$(LOCAL_LIBRARY_DIR)/Frameworks";
				IPHONEOS_DEPLOYMENT_TARGET = 15.0;
				LD_RUNPATH_SEARCH_PATHS = (
					"$(inherited)",
					"@executable_path/Frameworks",
					"@loader_path/Frameworks",
				);
				MARKETING_VERSION = 1.0;
				PRODUCT_BUNDLE_IDENTIFIER = "maximchik666-gmail.com.StorageService";
				PRODUCT_NAME = "$(TARGET_NAME:c99extidentifier)";
				SKIP_INSTALL = YES;
				SUPPORTED_PLATFORMS = "iphoneos iphonesimulator";
				SUPPORTS_MACCATALYST = NO;
				SUPPORTS_MAC_DESIGNED_FOR_IPHONE_IPAD = NO;
				SWIFT_EMIT_LOC_STRINGS = YES;
				SWIFT_VERSION = 5.0;
				TARGETED_DEVICE_FAMILY = "1,2";
				VERSIONING_SYSTEM = "apple-generic";
				VERSION_INFO_PREFIX = "";
			};
			name = Release;
		};
		99E8363828AA26110021FAF0 /* Debug */ = {
			isa = XCBuildConfiguration;
			buildSettings = {
				ALWAYS_SEARCH_USER_PATHS = NO;
				CLANG_ANALYZER_LOCALIZABILITY_NONLOCALIZED = YES;
				CLANG_ANALYZER_NONNULL = YES;
				CLANG_ANALYZER_NUMBER_OBJECT_CONVERSION = YES_AGGRESSIVE;
				CLANG_CXX_LANGUAGE_STANDARD = "gnu++17";
				CLANG_ENABLE_MODULES = YES;
				CLANG_ENABLE_OBJC_ARC = YES;
				CLANG_ENABLE_OBJC_WEAK = YES;
				CLANG_WARN_BLOCK_CAPTURE_AUTORELEASING = YES;
				CLANG_WARN_BOOL_CONVERSION = YES;
				CLANG_WARN_COMMA = YES;
				CLANG_WARN_CONSTANT_CONVERSION = YES;
				CLANG_WARN_DEPRECATED_OBJC_IMPLEMENTATIONS = YES;
				CLANG_WARN_DIRECT_OBJC_ISA_USAGE = YES_ERROR;
				CLANG_WARN_DOCUMENTATION_COMMENTS = YES;
				CLANG_WARN_EMPTY_BODY = YES;
				CLANG_WARN_ENUM_CONVERSION = YES;
				CLANG_WARN_INFINITE_RECURSION = YES;
				CLANG_WARN_INT_CONVERSION = YES;
				CLANG_WARN_NON_LITERAL_NULL_CONVERSION = YES;
				CLANG_WARN_OBJC_IMPLICIT_RETAIN_SELF = YES;
				CLANG_WARN_OBJC_LITERAL_CONVERSION = YES;
				CLANG_WARN_OBJC_ROOT_CLASS = YES_ERROR;
				CLANG_WARN_QUOTED_INCLUDE_IN_FRAMEWORK_HEADER = YES;
				CLANG_WARN_RANGE_LOOP_ANALYSIS = YES;
				CLANG_WARN_STRICT_PROTOTYPES = YES;
				CLANG_WARN_SUSPICIOUS_MOVE = YES;
				CLANG_WARN_UNGUARDED_AVAILABILITY = YES_AGGRESSIVE;
				CLANG_WARN_UNREACHABLE_CODE = YES;
				CLANG_WARN__DUPLICATE_METHOD_MATCH = YES;
				COPY_PHASE_STRIP = NO;
				DEBUG_INFORMATION_FORMAT = dwarf;
				ENABLE_STRICT_OBJC_MSGSEND = YES;
				ENABLE_TESTABILITY = YES;
				GCC_C_LANGUAGE_STANDARD = gnu11;
				GCC_DYNAMIC_NO_PIC = NO;
				GCC_NO_COMMON_BLOCKS = YES;
				GCC_OPTIMIZATION_LEVEL = 0;
				GCC_PREPROCESSOR_DEFINITIONS = (
					"DEBUG=1",
					"$(inherited)",
				);
				GCC_WARN_64_TO_32_BIT_CONVERSION = YES;
				GCC_WARN_ABOUT_RETURN_TYPE = YES_ERROR;
				GCC_WARN_UNDECLARED_SELECTOR = YES;
				GCC_WARN_UNINITIALIZED_AUTOS = YES_AGGRESSIVE;
				GCC_WARN_UNUSED_FUNCTION = YES;
				GCC_WARN_UNUSED_VARIABLE = YES;
				IPHONEOS_DEPLOYMENT_TARGET = 15.0;
				MTL_ENABLE_DEBUG_INFO = INCLUDE_SOURCE;
				MTL_FAST_MATH = YES;
				ONLY_ACTIVE_ARCH = YES;
				SDKROOT = iphoneos;
				SWIFT_ACTIVE_COMPILATION_CONDITIONS = DEBUG;
				SWIFT_OPTIMIZATION_LEVEL = "-Onone";
			};
			name = Debug;
		};
		99E8363928AA26110021FAF0 /* Release */ = {
			isa = XCBuildConfiguration;
			buildSettings = {
				ALWAYS_SEARCH_USER_PATHS = NO;
				CLANG_ANALYZER_LOCALIZABILITY_NONLOCALIZED = YES;
				CLANG_ANALYZER_NONNULL = YES;
				CLANG_ANALYZER_NUMBER_OBJECT_CONVERSION = YES_AGGRESSIVE;
				CLANG_CXX_LANGUAGE_STANDARD = "gnu++17";
				CLANG_ENABLE_MODULES = YES;
				CLANG_ENABLE_OBJC_ARC = YES;
				CLANG_ENABLE_OBJC_WEAK = YES;
				CLANG_WARN_BLOCK_CAPTURE_AUTORELEASING = YES;
				CLANG_WARN_BOOL_CONVERSION = YES;
				CLANG_WARN_COMMA = YES;
				CLANG_WARN_CONSTANT_CONVERSION = YES;
				CLANG_WARN_DEPRECATED_OBJC_IMPLEMENTATIONS = YES;
				CLANG_WARN_DIRECT_OBJC_ISA_USAGE = YES_ERROR;
				CLANG_WARN_DOCUMENTATION_COMMENTS = YES;
				CLANG_WARN_EMPTY_BODY = YES;
				CLANG_WARN_ENUM_CONVERSION = YES;
				CLANG_WARN_INFINITE_RECURSION = YES;
				CLANG_WARN_INT_CONVERSION = YES;
				CLANG_WARN_NON_LITERAL_NULL_CONVERSION = YES;
				CLANG_WARN_OBJC_IMPLICIT_RETAIN_SELF = YES;
				CLANG_WARN_OBJC_LITERAL_CONVERSION = YES;
				CLANG_WARN_OBJC_ROOT_CLASS = YES_ERROR;
				CLANG_WARN_QUOTED_INCLUDE_IN_FRAMEWORK_HEADER = YES;
				CLANG_WARN_RANGE_LOOP_ANALYSIS = YES;
				CLANG_WARN_STRICT_PROTOTYPES = YES;
				CLANG_WARN_SUSPICIOUS_MOVE = YES;
				CLANG_WARN_UNGUARDED_AVAILABILITY = YES_AGGRESSIVE;
				CLANG_WARN_UNREACHABLE_CODE = YES;
				CLANG_WARN__DUPLICATE_METHOD_MATCH = YES;
				COPY_PHASE_STRIP = NO;
				DEBUG_INFORMATION_FORMAT = "dwarf-with-dsym";
				ENABLE_NS_ASSERTIONS = NO;
				ENABLE_STRICT_OBJC_MSGSEND = YES;
				GCC_C_LANGUAGE_STANDARD = gnu11;
				GCC_NO_COMMON_BLOCKS = YES;
				GCC_WARN_64_TO_32_BIT_CONVERSION = YES;
				GCC_WARN_ABOUT_RETURN_TYPE = YES_ERROR;
				GCC_WARN_UNDECLARED_SELECTOR = YES;
				GCC_WARN_UNINITIALIZED_AUTOS = YES_AGGRESSIVE;
				GCC_WARN_UNUSED_FUNCTION = YES;
				GCC_WARN_UNUSED_VARIABLE = YES;
				IPHONEOS_DEPLOYMENT_TARGET = 15.0;
				MTL_ENABLE_DEBUG_INFO = NO;
				MTL_FAST_MATH = YES;
				SDKROOT = iphoneos;
				SWIFT_COMPILATION_MODE = wholemodule;
				SWIFT_OPTIMIZATION_LEVEL = "-O";
				VALIDATE_PRODUCT = YES;
			};
			name = Release;
		};
		99E8363B28AA26110021FAF0 /* Debug */ = {
			isa = XCBuildConfiguration;
			buildSettings = {
				ALWAYS_EMBED_SWIFT_STANDARD_LIBRARIES = YES;
				ASSETCATALOG_COMPILER_APPICON_NAME = AppIcon;
				ASSETCATALOG_COMPILER_GLOBAL_ACCENT_COLOR_NAME = AccentColor;
				CODE_SIGN_STYLE = Automatic;
				CURRENT_PROJECT_VERSION = 1;
				DEVELOPMENT_TEAM = K424BZ7XRC;
				GENERATE_INFOPLIST_FILE = YES;
				INFOPLIST_FILE = Navigation/Info.plist;
				INFOPLIST_KEY_NSFaceIDUsageDescription = "Предоставьте лицо!";
				INFOPLIST_KEY_NSLocationAlwaysAndWhenInUseUsageDescription = ert;
				INFOPLIST_KEY_NSLocationAlwaysUsageDescription = sfsdfsd;
				INFOPLIST_KEY_NSLocationWhenInUseUsageDescription = rgdg;
				INFOPLIST_KEY_UIApplicationSupportsIndirectInputEvents = YES;
				INFOPLIST_KEY_UILaunchStoryboardName = LaunchScreen;
				INFOPLIST_KEY_UISupportedInterfaceOrientations_iPad = "UIInterfaceOrientationPortrait UIInterfaceOrientationPortraitUpsideDown UIInterfaceOrientationLandscapeLeft UIInterfaceOrientationLandscapeRight";
				INFOPLIST_KEY_UISupportedInterfaceOrientations_iPhone = "UIInterfaceOrientationPortrait UIInterfaceOrientationLandscapeLeft UIInterfaceOrientationLandscapeRight";
				LD_RUNPATH_SEARCH_PATHS = (
					"$(inherited)",
					"@executable_path/Frameworks",
				);
				MARKETING_VERSION = 1.0;
				PRODUCT_BUNDLE_IDENTIFIER = "maximchik666-gmail.com.Navigation";
				PRODUCT_NAME = "$(TARGET_NAME)";
				SUPPORTED_PLATFORMS = "iphoneos iphonesimulator";
				SUPPORTS_MACCATALYST = NO;
				SUPPORTS_MAC_DESIGNED_FOR_IPHONE_IPAD = NO;
				SWIFT_EMIT_LOC_STRINGS = YES;
				SWIFT_VERSION = 5.0;
				TARGETED_DEVICE_FAMILY = "1,2";
			};
			name = Debug;
		};
		99E8363C28AA26110021FAF0 /* Release */ = {
			isa = XCBuildConfiguration;
			buildSettings = {
				ALWAYS_EMBED_SWIFT_STANDARD_LIBRARIES = YES;
				ASSETCATALOG_COMPILER_APPICON_NAME = AppIcon;
				ASSETCATALOG_COMPILER_GLOBAL_ACCENT_COLOR_NAME = AccentColor;
				CODE_SIGN_STYLE = Automatic;
				CURRENT_PROJECT_VERSION = 1;
				DEVELOPMENT_TEAM = K424BZ7XRC;
				GENERATE_INFOPLIST_FILE = YES;
				INFOPLIST_FILE = Navigation/Info.plist;
				INFOPLIST_KEY_NSFaceIDUsageDescription = "Предоставьте лицо!";
				INFOPLIST_KEY_NSLocationAlwaysAndWhenInUseUsageDescription = ert;
				INFOPLIST_KEY_NSLocationAlwaysUsageDescription = sfsdfsd;
				INFOPLIST_KEY_NSLocationWhenInUseUsageDescription = rgdg;
				INFOPLIST_KEY_UIApplicationSupportsIndirectInputEvents = YES;
				INFOPLIST_KEY_UILaunchStoryboardName = LaunchScreen;
				INFOPLIST_KEY_UISupportedInterfaceOrientations_iPad = "UIInterfaceOrientationPortrait UIInterfaceOrientationPortraitUpsideDown UIInterfaceOrientationLandscapeLeft UIInterfaceOrientationLandscapeRight";
				INFOPLIST_KEY_UISupportedInterfaceOrientations_iPhone = "UIInterfaceOrientationPortrait UIInterfaceOrientationLandscapeLeft UIInterfaceOrientationLandscapeRight";
				LD_RUNPATH_SEARCH_PATHS = (
					"$(inherited)",
					"@executable_path/Frameworks",
				);
				MARKETING_VERSION = 1.0;
				PRODUCT_BUNDLE_IDENTIFIER = "maximchik666-gmail.com.Navigation";
				PRODUCT_NAME = "$(TARGET_NAME)";
				SUPPORTED_PLATFORMS = "iphoneos iphonesimulator";
				SUPPORTS_MACCATALYST = NO;
				SUPPORTS_MAC_DESIGNED_FOR_IPHONE_IPAD = NO;
				SWIFT_EMIT_LOC_STRINGS = YES;
				SWIFT_VERSION = 5.0;
				TARGETED_DEVICE_FAMILY = "1,2";
			};
			name = Release;
		};
		99F97FFD299BB172005FC68E /* Debug */ = {
			isa = XCBuildConfiguration;
			buildSettings = {
				BUNDLE_LOADER = "$(TEST_HOST)";
				CLANG_CXX_LANGUAGE_STANDARD = "gnu++20";
				CODE_SIGN_STYLE = Automatic;
				CURRENT_PROJECT_VERSION = 1;
				DEVELOPMENT_TEAM = K424BZ7XRC;
				GENERATE_INFOPLIST_FILE = YES;
				IPHONEOS_DEPLOYMENT_TARGET = 16.2;
				MARKETING_VERSION = 1.0;
				PRODUCT_BUNDLE_IDENTIFIER = "maximchik666-gmail.com.NavigationTests";
				PRODUCT_NAME = "$(TARGET_NAME)";
				SWIFT_EMIT_LOC_STRINGS = NO;
				SWIFT_VERSION = 5.0;
				TARGETED_DEVICE_FAMILY = "1,2";
				TEST_HOST = "$(BUILT_PRODUCTS_DIR)/Navigation.app/$(BUNDLE_EXECUTABLE_FOLDER_PATH)/Navigation";
			};
			name = Debug;
		};
		99F97FFE299BB172005FC68E /* Release */ = {
			isa = XCBuildConfiguration;
			buildSettings = {
				BUNDLE_LOADER = "$(TEST_HOST)";
				CLANG_CXX_LANGUAGE_STANDARD = "gnu++20";
				CODE_SIGN_STYLE = Automatic;
				CURRENT_PROJECT_VERSION = 1;
				DEVELOPMENT_TEAM = K424BZ7XRC;
				GENERATE_INFOPLIST_FILE = YES;
				IPHONEOS_DEPLOYMENT_TARGET = 16.2;
				MARKETING_VERSION = 1.0;
				PRODUCT_BUNDLE_IDENTIFIER = "maximchik666-gmail.com.NavigationTests";
				PRODUCT_NAME = "$(TARGET_NAME)";
				SWIFT_EMIT_LOC_STRINGS = NO;
				SWIFT_VERSION = 5.0;
				TARGETED_DEVICE_FAMILY = "1,2";
				TEST_HOST = "$(BUILT_PRODUCTS_DIR)/Navigation.app/$(BUNDLE_EXECUTABLE_FOLDER_PATH)/Navigation";
			};
			name = Release;
		};
/* End XCBuildConfiguration section */

/* Begin XCConfigurationList section */
		998C0D5528F03950009BD0B4 /* Build configuration list for PBXNativeTarget "StorageService" */ = {
			isa = XCConfigurationList;
			buildConfigurations = (
				998C0D5128F03950009BD0B4 /* Debug */,
				998C0D5228F03950009BD0B4 /* Release */,
			);
			defaultConfigurationIsVisible = 0;
			defaultConfigurationName = Debug;
		};
		99E8362128AA26100021FAF0 /* Build configuration list for PBXProject "Navigation" */ = {
			isa = XCConfigurationList;
			buildConfigurations = (
				99E8363828AA26110021FAF0 /* Debug */,
				99E8363928AA26110021FAF0 /* Release */,
			);
			defaultConfigurationIsVisible = 0;
			defaultConfigurationName = Debug;
		};
		99E8363A28AA26110021FAF0 /* Build configuration list for PBXNativeTarget "Navigation" */ = {
			isa = XCConfigurationList;
			buildConfigurations = (
				99E8363B28AA26110021FAF0 /* Debug */,
				99E8363C28AA26110021FAF0 /* Release */,
			);
			defaultConfigurationIsVisible = 0;
			defaultConfigurationName = Debug;
		};
		99F97FFF299BB173005FC68E /* Build configuration list for PBXNativeTarget "NavigationTests" */ = {
			isa = XCConfigurationList;
			buildConfigurations = (
				99F97FFD299BB172005FC68E /* Debug */,
				99F97FFE299BB172005FC68E /* Release */,
			);
			defaultConfigurationIsVisible = 0;
			defaultConfigurationName = Debug;
		};
/* End XCConfigurationList section */

/* Begin XCRemoteSwiftPackageReference section */
		992200B02937B296005F880C /* XCRemoteSwiftPackageReference "firebase-ios-sdk" */ = {
			isa = XCRemoteSwiftPackageReference;
			repositoryURL = "https://github.com/firebase/firebase-ios-sdk";
			requirement = {
				kind = upToNextMajorVersion;
				minimumVersion = 9.0.0;
			};
		};
		992292502944D44800110E44 /* XCRemoteSwiftPackageReference "keychain-swift" */ = {
			isa = XCRemoteSwiftPackageReference;
			repositoryURL = "https://github.com/evgenyneu/keychain-swift";
			requirement = {
				branch = master;
				kind = branch;
			};
		};
		9955D450294648CA00D2AAE1 /* XCRemoteSwiftPackageReference "TinyConstraints" */ = {
			isa = XCRemoteSwiftPackageReference;
			repositoryURL = "https://github.com/roberthein/TinyConstraints";
			requirement = {
				kind = upToNextMajorVersion;
				minimumVersion = 4.0.0;
			};
		};
		995ACD9D2902D7990079559A /* XCRemoteSwiftPackageReference "iOSIntPackage" */ = {
			isa = XCRemoteSwiftPackageReference;
			repositoryURL = "https://github.com/TrueMax/iOSIntPackage";
			requirement = {
				branch = imagepublisher;
				kind = branch;
			};
		};
		997071A229464C7800920BBB /* XCRemoteSwiftPackageReference "realm-swift" */ = {
			isa = XCRemoteSwiftPackageReference;
			repositoryURL = "https://github.com/realm/realm-swift";
			requirement = {
				kind = revision;
				revision = b442ee3e9caa1abab26fd9b23f060f6f0815ff48;
			};
		};
/* End XCRemoteSwiftPackageReference section */

/* Begin XCSwiftPackageProductDependency section */
		992200B12937B296005F880C /* FirebaseAuth */ = {
			isa = XCSwiftPackageProductDependency;
			package = 992200B02937B296005F880C /* XCRemoteSwiftPackageReference "firebase-ios-sdk" */;
			productName = FirebaseAuth;
		};
		992292512944D44800110E44 /* KeychainSwift */ = {
			isa = XCSwiftPackageProductDependency;
			package = 992292502944D44800110E44 /* XCRemoteSwiftPackageReference "keychain-swift" */;
			productName = KeychainSwift;
		};
		9955D451294648CA00D2AAE1 /* TinyConstraints */ = {
			isa = XCSwiftPackageProductDependency;
			package = 9955D450294648CA00D2AAE1 /* XCRemoteSwiftPackageReference "TinyConstraints" */;
			productName = TinyConstraints;
		};
		995ACD9E2902D7990079559A /* iOSIntPackage */ = {
			isa = XCSwiftPackageProductDependency;
			package = 995ACD9D2902D7990079559A /* XCRemoteSwiftPackageReference "iOSIntPackage" */;
			productName = iOSIntPackage;
		};
		997071A329464C7800920BBB /* Realm */ = {
			isa = XCSwiftPackageProductDependency;
			package = 997071A229464C7800920BBB /* XCRemoteSwiftPackageReference "realm-swift" */;
			productName = Realm;
		};
		997071A529464C7800920BBB /* RealmSwift */ = {
			isa = XCSwiftPackageProductDependency;
			package = 997071A229464C7800920BBB /* XCRemoteSwiftPackageReference "realm-swift" */;
			productName = RealmSwift;
		};
/* End XCSwiftPackageProductDependency section */

/* Begin XCVersionGroup section */
		99D5B8612951E18600447186 /* Navigation.xcdatamodeld */ = {
			isa = XCVersionGroup;
			children = (
				99D5B8622951E18600447186 /* WorkOutApp.xcdatamodel */,
			);
			currentVersion = 99D5B8622951E18600447186 /* WorkOutApp.xcdatamodel */;
			path = Navigation.xcdatamodeld;
			sourceTree = "<group>";
			versionGroupType = wrapper.xcdatamodel;
		};
/* End XCVersionGroup section */
	};
	rootObject = 99E8361E28AA26100021FAF0 /* Project object */;
}
